
Microsoft Visual Studio Solution File, Format Version 12.00
# Visual Studio 2012
Project("{FAE04EC0-301F-11D3-BF4B-00C04F79EFBC}") = "01.MethodHello", "01.MethodHello\01.MethodHello.csproj", "{5B7FF2CC-9B46-4CF3-9169-1D05E04FD628}"
EndProject
Project("{FAE04EC0-301F-11D3-BF4B-00C04F79EFBC}") = "02.GetMaxMethod", "02.GetMaxMethod\02.GetMaxMethod.csproj", "{5E53DA22-BD29-4114-B65F-36120B154694}"
EndProject
Project("{FAE04EC0-301F-11D3-BF4B-00C04F79EFBC}") = "03.ReturnLastDigitAsWord", "03.ReturnLastDigitAsWord\03.ReturnLastDigitAsWord.csproj", "{4881910B-20AF-4488-BA0E-CBE06BF9072F}"
EndProject
Project("{FAE04EC0-301F-11D3-BF4B-00C04F79EFBC}") = "04.NumberInArrayRepetition", "04.NumberInArrayRepetition\04.NumberInArrayRepetition.csproj", "{718B4D43-B01D-4A34-9091-B18CB0AC83EE}"
EndProject
Project("{FAE04EC0-301F-11D3-BF4B-00C04F79EFBC}") = "05.CheckIfElementIsBiggerThanItsNeighbours", "05.CheckIfElementIsBiggerThanItsNeighbours\05.CheckIfElementIsBiggerThanItsNeighbours.csproj", "{29B0F229-AF04-4F55-8E20-26A55E87E87D}"
EndProject
Project("{FAE04EC0-301F-11D3-BF4B-00C04F79EFBC}") = "06.FirstElementIndexBiggerThanItsNeighbours", "06.FirstElementIndexBiggerThanItsNeighbours\06.FirstElementIndexBiggerThanItsNeighbours.csproj", "{FA403201-61C7-4BE5-A8D4-4FE76AA45927}"
EndProject
Project("{FAE04EC0-301F-11D3-BF4B-00C04F79EFBC}") = "07.ReverseDigits", "07.ReverseDigits\07.ReverseDigits.csproj", "{E7D0BDB1-A477-477B-AF0D-532D132354ED}"
EndProject
Project("{FAE04EC0-301F-11D3-BF4B-00C04F79EFBC}") = "08.SumTwoArraysOfDigits", "08.SumTwoArraysOfDigits\08.SumTwoArraysOfDigits.csproj", "{DAA8594B-08F5-4A7A-B72A-DA8963ABF72F}"
EndProject
Project("{FAE04EC0-301F-11D3-BF4B-00C04F79EFBC}") = "09.MaxElementInArrayStartingAtGivenIndex", "09.MaxElementInArrayStartingAtGivenIndex\09.MaxElementInArrayStartingAtGivenIndex.csproj", "{4BA845CE-B8B9-4DB8-B5A6-C0303ED0533D}"
EndProject
Project("{FAE04EC0-301F-11D3-BF4B-00C04F79EFBC}") = "10.N!Calculation", "10.N!Calculation\10.N!Calculation.csproj", "{B256EE69-A118-4989-808F-6B0F7FA63961}"
EndProject
Project("{FAE04EC0-301F-11D3-BF4B-00C04F79EFBC}") = "11.Polynomials", "11.Polynomials\11.Polynomials.csproj", "{EF9E79FA-BA14-430B-8D4E-F1657F311503}"
EndProject
Project("{FAE04EC0-301F-11D3-BF4B-00C04F79EFBC}") = "13.MultiTask", "13.MultiTask\13.MultiTask.csproj", "{98B7ABF6-1251-4CAF-A626-096EAF935211}"
EndProject
Project("{FAE04EC0-301F-11D3-BF4B-00C04F79EFBC}") = "14.MinMaxSumAvrgProduct", "14.MinMaxSumAvrgProduct\14.MinMaxSumAvrgProduct.csproj", "{76FF804B-15F2-436B-8626-4E963B9B2595}"
EndProject
Project("{FAE04EC0-301F-11D3-BF4B-00C04F79EFBC}") = "15.MinMaxAverageProductGeneric", "15.MinMaxAverageProductGeneric\15.MinMaxAverageProductGeneric.csproj", "{BC8D1475-5596-4CD2-9FD8-002D7BC23B00}"
EndProject
Global
	GlobalSection(SolutionConfigurationPlatforms) = preSolution
		Debug|Any CPU = Debug|Any CPU
		Release|Any CPU = Release|Any CPU
	EndGlobalSection
	GlobalSection(ProjectConfigurationPlatforms) = postSolution
		{5B7FF2CC-9B46-4CF3-9169-1D05E04FD628}.Debug|Any CPU.ActiveCfg = Debug|Any CPU
		{5B7FF2CC-9B46-4CF3-9169-1D05E04FD628}.Debug|Any CPU.Build.0 = Debug|Any CPU
		{5B7FF2CC-9B46-4CF3-9169-1D05E04FD628}.Release|Any CPU.ActiveCfg = Release|Any CPU
		{5B7FF2CC-9B46-4CF3-9169-1D05E04FD628}.Release|Any CPU.Build.0 = Release|Any CPU
		{5E53DA22-BD29-4114-B65F-36120B154694}.Debug|Any CPU.ActiveCfg = Debug|Any CPU
		{5E53DA22-BD29-4114-B65F-36120B154694}.Debug|Any CPU.Build.0 = Debug|Any CPU
		{5E53DA22-BD29-4114-B65F-36120B154694}.Release|Any CPU.ActiveCfg = Release|Any CPU
		{5E53DA22-BD29-4114-B65F-36120B154694}.Release|Any CPU.Build.0 = Release|Any CPU
		{4881910B-20AF-4488-BA0E-CBE06BF9072F}.Debug|Any CPU.ActiveCfg = Debug|Any CPU
		{4881910B-20AF-4488-BA0E-CBE06BF9072F}.Debug|Any CPU.Build.0 = Debug|Any CPU
		{4881910B-20AF-4488-BA0E-CBE06BF9072F}.Release|Any CPU.ActiveCfg = Release|Any CPU
		{4881910B-20AF-4488-BA0E-CBE06BF9072F}.Release|Any CPU.Build.0 = Release|Any CPU
		{718B4D43-B01D-4A34-9091-B18CB0AC83EE}.Debug|Any CPU.ActiveCfg = Debug|Any CPU
		{718B4D43-B01D-4A34-9091-B18CB0AC83EE}.Debug|Any CPU.Build.0 = Debug|Any CPU
		{718B4D43-B01D-4A34-9091-B18CB0AC83EE}.Release|Any CPU.ActiveCfg = Release|Any CPU
		{718B4D43-B01D-4A34-9091-B18CB0AC83EE}.Release|Any CPU.Build.0 = Release|Any CPU
		{29B0F229-AF04-4F55-8E20-26A55E87E87D}.Debug|Any CPU.ActiveCfg = Debug|Any CPU
		{29B0F229-AF04-4F55-8E20-26A55E87E87D}.Debug|Any CPU.Build.0 = Debug|Any CPU
		{29B0F229-AF04-4F55-8E20-26A55E87E87D}.Release|Any CPU.ActiveCfg = Release|Any CPU
		{29B0F229-AF04-4F55-8E20-26A55E87E87D}.Release|Any CPU.Build.0 = Release|Any CPU
		{FA403201-61C7-4BE5-A8D4-4FE76AA45927}.Debug|Any CPU.ActiveCfg = Debug|Any CPU
		{FA403201-61C7-4BE5-A8D4-4FE76AA45927}.Debug|Any CPU.Build.0 = Debug|Any CPU
		{FA403201-61C7-4BE5-A8D4-4FE76AA45927}.Release|Any CPU.ActiveCfg = Release|Any CPU
		{FA403201-61C7-4BE5-A8D4-4FE76AA45927}.Release|Any CPU.Build.0 = Release|Any CPU
		{E7D0BDB1-A477-477B-AF0D-532D132354ED}.Debug|Any CPU.ActiveCfg = Debug|Any CPU
		{E7D0BDB1-A477-477B-AF0D-532D132354ED}.Debug|Any CPU.Build.0 = Debug|Any CPU
		{E7D0BDB1-A477-477B-AF0D-532D132354ED}.Release|Any CPU.ActiveCfg = Release|Any CPU
		{E7D0BDB1-A477-477B-AF0D-532D132354ED}.Release|Any CPU.Build.0 = Release|Any CPU
		{DAA8594B-08F5-4A7A-B72A-DA8963ABF72F}.Debug|Any CPU.ActiveCfg = Debug|Any CPU
		{DAA8594B-08F5-4A7A-B72A-DA8963ABF72F}.Debug|Any CPU.Build.0 = Debug|Any CPU
		{DAA8594B-08F5-4A7A-B72A-DA8963ABF72F}.Release|Any CPU.ActiveCfg = Release|Any CPU
		{DAA8594B-08F5-4A7A-B72A-DA8963ABF72F}.Release|Any CPU.Build.0 = Release|Any CPU
		{4BA845CE-B8B9-4DB8-B5A6-C0303ED0533D}.Debug|Any CPU.ActiveCfg = Debug|Any CPU
		{4BA845CE-B8B9-4DB8-B5A6-C0303ED0533D}.Debug|Any CPU.Build.0 = Debug|Any CPU
		{4BA845CE-B8B9-4DB8-B5A6-C0303ED0533D}.Release|Any CPU.ActiveCfg = Release|Any CPU
		{4BA845CE-B8B9-4DB8-B5A6-C0303ED0533D}.Release|Any CPU.Build.0 = Release|Any CPU
		{B256EE69-A118-4989-808F-6B0F7FA63961}.Debug|Any CPU.ActiveCfg = Debug|Any CPU
		{B256EE69-A118-4989-808F-6B0F7FA63961}.Debug|Any CPU.Build.0 = Debug|Any CPU
		{B256EE69-A118-4989-808F-6B0F7FA63961}.Release|Any CPU.ActiveCfg = Release|Any CPU
		{B256EE69-A118-4989-808F-6B0F7FA63961}.Release|Any CPU.Build.0 = Release|Any CPU
		{EF9E79FA-BA14-430B-8D4E-F1657F311503}.Debug|Any CPU.ActiveCfg = Debug|Any CPU
		{EF9E79FA-BA14-430B-8D4E-F1657F311503}.Debug|Any CPU.Build.0 = Debug|Any CPU
		{EF9E79FA-BA14-430B-8D4E-F1657F311503}.Release|Any CPU.ActiveCfg = Release|Any CPU
		{EF9E79FA-BA14-430B-8D4E-F1657F311503}.Release|Any CPU.Build.0 = Release|Any CPU
		{98B7ABF6-1251-4CAF-A626-096EAF935211}.Debug|Any CPU.ActiveCfg = Debug|Any CPU
		{98B7ABF6-1251-4CAF-A626-096EAF935211}.Debug|Any CPU.Build.0 = Debug|Any CPU
		{98B7ABF6-1251-4CAF-A626-096EAF935211}.Release|Any CPU.ActiveCfg = Release|Any CPU
		{98B7ABF6-1251-4CAF-A626-096EAF935211}.Release|Any CPU.Build.0 = Release|Any CPU
		{76FF804B-15F2-436B-8626-4E963B9B2595}.Debug|Any CPU.ActiveCfg = Debug|Any CPU
		{76FF804B-15F2-436B-8626-4E963B9B2595}.Debug|Any CPU.Build.0 = Debug|Any CPU
		{76FF804B-15F2-436B-8626-4E963B9B2595}.Release|Any CPU.ActiveCfg = Release|Any CPU
		{76FF804B-15F2-436B-8626-4E963B9B2595}.Release|Any CPU.Build.0 = Release|Any CPU
		{BC8D1475-5596-4CD2-9FD8-002D7BC23B00}.Debug|Any CPU.ActiveCfg = Debug|Any CPU
		{BC8D1475-5596-4CD2-9FD8-002D7BC23B00}.Debug|Any CPU.Build.0 = Debug|Any CPU
		{BC8D1475-5596-4CD2-9FD8-002D7BC23B00}.Release|Any CPU.ActiveCfg = Release|Any CPU
		{BC8D1475-5596-4CD2-9FD8-002D7BC23B00}.Release|Any CPU.Build.0 = Release|Any CPU
	EndGlobalSection
	GlobalSection(SolutionProperties) = preSolution
		HideSolutionNode = FALSE
	EndGlobalSection
EndGlobal
