
Microsoft Visual Studio Solution File, Format Version 12.00
# Visual Studio 2012
Project("{FAE04EC0-301F-11D3-BF4B-00C04F79EFBC}") = "01.DecimalToBinary", "01.DecimalToBinary\01.DecimalToBinary.csproj", "{78CBED6B-6758-4A7E-A1D2-BD77CB47929D}"
EndProject
Project("{FAE04EC0-301F-11D3-BF4B-00C04F79EFBC}") = "02.BinaryToDecimal", "02.BinaryToDecimal\02.BinaryToDecimal.csproj", "{DACD5F57-4304-4F96-BB18-A4E352E59EF6}"
EndProject
Project("{FAE04EC0-301F-11D3-BF4B-00C04F79EFBC}") = "03.DecimalToHexadecimal", "03.DecimalToHexadecimal\03.DecimalToHexadecimal.csproj", "{51316D5C-D0B4-44E2-BEF9-E67862A7BA5F}"
EndProject
Project("{FAE04EC0-301F-11D3-BF4B-00C04F79EFBC}") = "04.HexadecimalToDecimal", "04.HexadecimalToDecimal\04.HexadecimalToDecimal.csproj", "{C59707BF-3120-4106-A1B7-38A71AB0E2F3}"
EndProject
Project("{FAE04EC0-301F-11D3-BF4B-00C04F79EFBC}") = "05.HexadecimalToBinary", "05.HexadecimalToBinary\05.HexadecimalToBinary.csproj", "{EA389E28-06E3-4899-B1F8-C90AC58CDB9F}"
EndProject
Project("{FAE04EC0-301F-11D3-BF4B-00C04F79EFBC}") = "06.BinaryToHexadecimal", "06.BinaryToHexadecimal\06.BinaryToHexadecimal.csproj", "{06915630-0A53-42C3-A8DF-BABCF611D166}"
EndProject
Project("{FAE04EC0-301F-11D3-BF4B-00C04F79EFBC}") = "07.ConvertToAnyNumeralSystem", "07.ConvertToAnyNumeralSystem\07.ConvertToAnyNumeralSystem.csproj", "{A7B728DA-680A-47E5-85EB-35BEE704C819}"
EndProject
Project("{FAE04EC0-301F-11D3-BF4B-00C04F79EFBC}") = "08.ShortBinary", "08.ShortBinary\08.ShortBinary.csproj", "{827520EB-C57D-4588-8FEA-60A53C491744}"
EndProject
Project("{FAE04EC0-301F-11D3-BF4B-00C04F79EFBC}") = "09.FloatToBinary", "09.FloatToBinary\09.FloatToBinary.csproj", "{01F3AB44-6F8A-4E80-BAB1-D817DBDA1195}"
EndProject
Global
	GlobalSection(SolutionConfigurationPlatforms) = preSolution
		Debug|Any CPU = Debug|Any CPU
		Release|Any CPU = Release|Any CPU
	EndGlobalSection
	GlobalSection(ProjectConfigurationPlatforms) = postSolution
		{78CBED6B-6758-4A7E-A1D2-BD77CB47929D}.Debug|Any CPU.ActiveCfg = Debug|Any CPU
		{78CBED6B-6758-4A7E-A1D2-BD77CB47929D}.Debug|Any CPU.Build.0 = Debug|Any CPU
		{78CBED6B-6758-4A7E-A1D2-BD77CB47929D}.Release|Any CPU.ActiveCfg = Release|Any CPU
		{78CBED6B-6758-4A7E-A1D2-BD77CB47929D}.Release|Any CPU.Build.0 = Release|Any CPU
		{DACD5F57-4304-4F96-BB18-A4E352E59EF6}.Debug|Any CPU.ActiveCfg = Debug|Any CPU
		{DACD5F57-4304-4F96-BB18-A4E352E59EF6}.Debug|Any CPU.Build.0 = Debug|Any CPU
		{DACD5F57-4304-4F96-BB18-A4E352E59EF6}.Release|Any CPU.ActiveCfg = Release|Any CPU
		{DACD5F57-4304-4F96-BB18-A4E352E59EF6}.Release|Any CPU.Build.0 = Release|Any CPU
		{51316D5C-D0B4-44E2-BEF9-E67862A7BA5F}.Debug|Any CPU.ActiveCfg = Debug|Any CPU
		{51316D5C-D0B4-44E2-BEF9-E67862A7BA5F}.Debug|Any CPU.Build.0 = Debug|Any CPU
		{51316D5C-D0B4-44E2-BEF9-E67862A7BA5F}.Release|Any CPU.ActiveCfg = Release|Any CPU
		{51316D5C-D0B4-44E2-BEF9-E67862A7BA5F}.Release|Any CPU.Build.0 = Release|Any CPU
		{C59707BF-3120-4106-A1B7-38A71AB0E2F3}.Debug|Any CPU.ActiveCfg = Debug|Any CPU
		{C59707BF-3120-4106-A1B7-38A71AB0E2F3}.Debug|Any CPU.Build.0 = Debug|Any CPU
		{C59707BF-3120-4106-A1B7-38A71AB0E2F3}.Release|Any CPU.ActiveCfg = Release|Any CPU
		{C59707BF-3120-4106-A1B7-38A71AB0E2F3}.Release|Any CPU.Build.0 = Release|Any CPU
		{EA389E28-06E3-4899-B1F8-C90AC58CDB9F}.Debug|Any CPU.ActiveCfg = Debug|Any CPU
		{EA389E28-06E3-4899-B1F8-C90AC58CDB9F}.Debug|Any CPU.Build.0 = Debug|Any CPU
		{EA389E28-06E3-4899-B1F8-C90AC58CDB9F}.Release|Any CPU.ActiveCfg = Release|Any CPU
		{EA389E28-06E3-4899-B1F8-C90AC58CDB9F}.Release|Any CPU.Build.0 = Release|Any CPU
		{06915630-0A53-42C3-A8DF-BABCF611D166}.Debug|Any CPU.ActiveCfg = Debug|Any CPU
		{06915630-0A53-42C3-A8DF-BABCF611D166}.Debug|Any CPU.Build.0 = Debug|Any CPU
		{06915630-0A53-42C3-A8DF-BABCF611D166}.Release|Any CPU.ActiveCfg = Release|Any CPU
		{06915630-0A53-42C3-A8DF-BABCF611D166}.Release|Any CPU.Build.0 = Release|Any CPU
		{A7B728DA-680A-47E5-85EB-35BEE704C819}.Debug|Any CPU.ActiveCfg = Debug|Any CPU
		{A7B728DA-680A-47E5-85EB-35BEE704C819}.Debug|Any CPU.Build.0 = Debug|Any CPU
		{A7B728DA-680A-47E5-85EB-35BEE704C819}.Release|Any CPU.ActiveCfg = Release|Any CPU
		{A7B728DA-680A-47E5-85EB-35BEE704C819}.Release|Any CPU.Build.0 = Release|Any CPU
		{827520EB-C57D-4588-8FEA-60A53C491744}.Debug|Any CPU.ActiveCfg = Debug|Any CPU
		{827520EB-C57D-4588-8FEA-60A53C491744}.Debug|Any CPU.Build.0 = Debug|Any CPU
		{827520EB-C57D-4588-8FEA-60A53C491744}.Release|Any CPU.ActiveCfg = Release|Any CPU
		{827520EB-C57D-4588-8FEA-60A53C491744}.Release|Any CPU.Build.0 = Release|Any CPU
		{01F3AB44-6F8A-4E80-BAB1-D817DBDA1195}.Debug|Any CPU.ActiveCfg = Debug|Any CPU
		{01F3AB44-6F8A-4E80-BAB1-D817DBDA1195}.Debug|Any CPU.Build.0 = Debug|Any CPU
		{01F3AB44-6F8A-4E80-BAB1-D817DBDA1195}.Release|Any CPU.ActiveCfg = Release|Any CPU
		{01F3AB44-6F8A-4E80-BAB1-D817DBDA1195}.Release|Any CPU.Build.0 = Release|Any CPU
	EndGlobalSection
	GlobalSection(SolutionProperties) = preSolution
		HideSolutionNode = FALSE
	EndGlobalSection
EndGlobal
