
Microsoft Visual Studio Solution File, Format Version 12.00
# Visual Studio 2013
VisualStudioVersion = 12.0.30501.0
MinimumVisualStudioVersion = 10.0.40219.1
Project("{FAE04EC0-301F-11D3-BF4B-00C04F79EFBC}") = "01.MaxPath", "01.MaxPath\01.MaxPath.csproj", "{D163B4A8-63CF-465A-892E-773EDBF97C1B}"
EndProject
Project("{FAE04EC0-301F-11D3-BF4B-00C04F79EFBC}") = "02.WordsNovember2012", "02.WordsNovember2012\02.WordsNovember2012.csproj", "{7D54B04D-12F8-43DE-ABEC-EF727A84AC84}"
EndProject
Project("{FAE04EC0-301F-11D3-BF4B-00C04F79EFBC}") = "03.MostCommonMarch2012", "03.MostCommonMarch2012\03.MostCommonMarch2012.csproj", "{922A3763-3E72-4187-B23F-6FB7A3B1176B}"
EndProject
Project("{FAE04EC0-301F-11D3-BF4B-00C04F79EFBC}") = "04.Crossword08Feb2012", "04.Crossword08Feb2012\04.Crossword08Feb2012.csproj", "{1C60E95A-1C9D-4B5D-8C00-FD1414790DEC}"
EndProject
Project("{FAE04EC0-301F-11D3-BF4B-00C04F79EFBC}") = "05.Sudoku", "05.Sudoku\05.Sudoku.csproj", "{6E2A0D5C-1246-4AF8-865D-30873D3FA70E}"
EndProject
Project("{FAE04EC0-301F-11D3-BF4B-00C04F79EFBC}") = "06.Guitar", "06.Guitar\06.Guitar.csproj", "{502EA5CE-29EC-4352-B499-7098B418AB98}"
EndProject
Project("{FAE04EC0-301F-11D3-BF4B-00C04F79EFBC}") = "07.MessagesInBottleFromSampleExam", "07.MessagesInBottleFromSampleExam\07.MessagesInBottleFromSampleExam.csproj", "{FCEEA579-E72E-4EEC-B848-964327D94431}"
EndProject
Project("{FAE04EC0-301F-11D3-BF4B-00C04F79EFBC}") = "08.JedaiMedatation", "08.JedaiMedatation\08.JedaiMedatation.csproj", "{7D33DDFA-B8C5-4F2B-BB5A-F04B1DA84289}"
EndProject
Project("{FAE04EC0-301F-11D3-BF4B-00C04F79EFBC}") = "09AcademyTasks", "09AcademyTasks\09AcademyTasks.csproj", "{B65AFF93-43A6-4516-AEBA-D4BE6CBC3939}"
EndProject
Project("{FAE04EC0-301F-11D3-BF4B-00C04F79EFBC}") = "10.BinaryPasswordsAlgoOct2012", "10.BinaryPasswordsAlgoOct2012\10.BinaryPasswordsAlgoOct2012.csproj", "{AE519DA8-928F-473B-8CDB-3B69901B6B30}"
EndProject
Project("{FAE04EC0-301F-11D3-BF4B-00C04F79EFBC}") = "11.ColorfulRabitsAlgoOct2012", "11.ColorfulRabitsAlgoOct2012\11.ColorfulRabitsAlgoOct2012.csproj", "{81B8FB80-3E11-470F-AF9E-0F6D2C304AC6}"
EndProject
Project("{FAE04EC0-301F-11D3-BF4B-00C04F79EFBC}") = "12.ZigzagLinesAlgoOct2012", "12.ZigzagLines\12.ZigzagLinesAlgoOct2012.csproj", "{96673F04-0D59-4958-B515-972168D3942F}"
EndProject
Project("{FAE04EC0-301F-11D3-BF4B-00C04F79EFBC}") = "13.Divisors", "13.Divisors\13.Divisors.csproj", "{FFBB31CC-D128-48E2-A57A-06C0E6388ADA}"
EndProject
Global
	GlobalSection(SolutionConfigurationPlatforms) = preSolution
		Debug|Any CPU = Debug|Any CPU
		Release|Any CPU = Release|Any CPU
	EndGlobalSection
	GlobalSection(ProjectConfigurationPlatforms) = postSolution
		{D163B4A8-63CF-465A-892E-773EDBF97C1B}.Debug|Any CPU.ActiveCfg = Debug|Any CPU
		{D163B4A8-63CF-465A-892E-773EDBF97C1B}.Debug|Any CPU.Build.0 = Debug|Any CPU
		{D163B4A8-63CF-465A-892E-773EDBF97C1B}.Release|Any CPU.ActiveCfg = Release|Any CPU
		{D163B4A8-63CF-465A-892E-773EDBF97C1B}.Release|Any CPU.Build.0 = Release|Any CPU
		{7D54B04D-12F8-43DE-ABEC-EF727A84AC84}.Debug|Any CPU.ActiveCfg = Debug|Any CPU
		{7D54B04D-12F8-43DE-ABEC-EF727A84AC84}.Debug|Any CPU.Build.0 = Debug|Any CPU
		{7D54B04D-12F8-43DE-ABEC-EF727A84AC84}.Release|Any CPU.ActiveCfg = Release|Any CPU
		{7D54B04D-12F8-43DE-ABEC-EF727A84AC84}.Release|Any CPU.Build.0 = Release|Any CPU
		{922A3763-3E72-4187-B23F-6FB7A3B1176B}.Debug|Any CPU.ActiveCfg = Debug|Any CPU
		{922A3763-3E72-4187-B23F-6FB7A3B1176B}.Debug|Any CPU.Build.0 = Debug|Any CPU
		{922A3763-3E72-4187-B23F-6FB7A3B1176B}.Release|Any CPU.ActiveCfg = Release|Any CPU
		{922A3763-3E72-4187-B23F-6FB7A3B1176B}.Release|Any CPU.Build.0 = Release|Any CPU
		{1C60E95A-1C9D-4B5D-8C00-FD1414790DEC}.Debug|Any CPU.ActiveCfg = Debug|Any CPU
		{1C60E95A-1C9D-4B5D-8C00-FD1414790DEC}.Debug|Any CPU.Build.0 = Debug|Any CPU
		{1C60E95A-1C9D-4B5D-8C00-FD1414790DEC}.Release|Any CPU.ActiveCfg = Release|Any CPU
		{1C60E95A-1C9D-4B5D-8C00-FD1414790DEC}.Release|Any CPU.Build.0 = Release|Any CPU
		{6E2A0D5C-1246-4AF8-865D-30873D3FA70E}.Debug|Any CPU.ActiveCfg = Debug|Any CPU
		{6E2A0D5C-1246-4AF8-865D-30873D3FA70E}.Debug|Any CPU.Build.0 = Debug|Any CPU
		{6E2A0D5C-1246-4AF8-865D-30873D3FA70E}.Release|Any CPU.ActiveCfg = Release|Any CPU
		{6E2A0D5C-1246-4AF8-865D-30873D3FA70E}.Release|Any CPU.Build.0 = Release|Any CPU
		{502EA5CE-29EC-4352-B499-7098B418AB98}.Debug|Any CPU.ActiveCfg = Debug|Any CPU
		{502EA5CE-29EC-4352-B499-7098B418AB98}.Debug|Any CPU.Build.0 = Debug|Any CPU
		{502EA5CE-29EC-4352-B499-7098B418AB98}.Release|Any CPU.ActiveCfg = Release|Any CPU
		{502EA5CE-29EC-4352-B499-7098B418AB98}.Release|Any CPU.Build.0 = Release|Any CPU
		{FCEEA579-E72E-4EEC-B848-964327D94431}.Debug|Any CPU.ActiveCfg = Debug|Any CPU
		{FCEEA579-E72E-4EEC-B848-964327D94431}.Debug|Any CPU.Build.0 = Debug|Any CPU
		{FCEEA579-E72E-4EEC-B848-964327D94431}.Release|Any CPU.ActiveCfg = Release|Any CPU
		{FCEEA579-E72E-4EEC-B848-964327D94431}.Release|Any CPU.Build.0 = Release|Any CPU
		{7D33DDFA-B8C5-4F2B-BB5A-F04B1DA84289}.Debug|Any CPU.ActiveCfg = Debug|Any CPU
		{7D33DDFA-B8C5-4F2B-BB5A-F04B1DA84289}.Debug|Any CPU.Build.0 = Debug|Any CPU
		{7D33DDFA-B8C5-4F2B-BB5A-F04B1DA84289}.Release|Any CPU.ActiveCfg = Release|Any CPU
		{7D33DDFA-B8C5-4F2B-BB5A-F04B1DA84289}.Release|Any CPU.Build.0 = Release|Any CPU
		{B65AFF93-43A6-4516-AEBA-D4BE6CBC3939}.Debug|Any CPU.ActiveCfg = Debug|Any CPU
		{B65AFF93-43A6-4516-AEBA-D4BE6CBC3939}.Debug|Any CPU.Build.0 = Debug|Any CPU
		{B65AFF93-43A6-4516-AEBA-D4BE6CBC3939}.Release|Any CPU.ActiveCfg = Release|Any CPU
		{B65AFF93-43A6-4516-AEBA-D4BE6CBC3939}.Release|Any CPU.Build.0 = Release|Any CPU
		{AE519DA8-928F-473B-8CDB-3B69901B6B30}.Debug|Any CPU.ActiveCfg = Debug|Any CPU
		{AE519DA8-928F-473B-8CDB-3B69901B6B30}.Debug|Any CPU.Build.0 = Debug|Any CPU
		{AE519DA8-928F-473B-8CDB-3B69901B6B30}.Release|Any CPU.ActiveCfg = Release|Any CPU
		{AE519DA8-928F-473B-8CDB-3B69901B6B30}.Release|Any CPU.Build.0 = Release|Any CPU
		{81B8FB80-3E11-470F-AF9E-0F6D2C304AC6}.Debug|Any CPU.ActiveCfg = Debug|Any CPU
		{81B8FB80-3E11-470F-AF9E-0F6D2C304AC6}.Debug|Any CPU.Build.0 = Debug|Any CPU
		{81B8FB80-3E11-470F-AF9E-0F6D2C304AC6}.Release|Any CPU.ActiveCfg = Release|Any CPU
		{81B8FB80-3E11-470F-AF9E-0F6D2C304AC6}.Release|Any CPU.Build.0 = Release|Any CPU
		{96673F04-0D59-4958-B515-972168D3942F}.Debug|Any CPU.ActiveCfg = Debug|Any CPU
		{96673F04-0D59-4958-B515-972168D3942F}.Debug|Any CPU.Build.0 = Debug|Any CPU
		{96673F04-0D59-4958-B515-972168D3942F}.Release|Any CPU.ActiveCfg = Release|Any CPU
		{96673F04-0D59-4958-B515-972168D3942F}.Release|Any CPU.Build.0 = Release|Any CPU
		{FFBB31CC-D128-48E2-A57A-06C0E6388ADA}.Debug|Any CPU.ActiveCfg = Debug|Any CPU
		{FFBB31CC-D128-48E2-A57A-06C0E6388ADA}.Debug|Any CPU.Build.0 = Debug|Any CPU
		{FFBB31CC-D128-48E2-A57A-06C0E6388ADA}.Release|Any CPU.ActiveCfg = Release|Any CPU
		{FFBB31CC-D128-48E2-A57A-06C0E6388ADA}.Release|Any CPU.Build.0 = Release|Any CPU
	EndGlobalSection
	GlobalSection(SolutionProperties) = preSolution
		HideSolutionNode = FALSE
	EndGlobalSection
EndGlobal
