
Microsoft Visual Studio Solution File, Format Version 12.00
# Visual Studio 2012
Project("{FAE04EC0-301F-11D3-BF4B-00C04F79EFBC}") = "01.SubstringForStringBuilder", "01.SubstringForStringBuilder\01.SubstringForStringBuilder.csproj", "{84990C8F-E732-4ADA-8427-AB9BFCA0BCF4}"
EndProject
Project("{FAE04EC0-301F-11D3-BF4B-00C04F79EFBC}") = "02.ExtensionsForIEnumerable", "02.ExtensionsForIEnumerable\02.ExtensionsForIEnumerable.csproj", "{A96F5E0C-4E21-4036-857F-67816266E865}"
EndProject
Project("{FAE04EC0-301F-11D3-BF4B-00C04F79EFBC}") = "03.StudentWhoseFirstNameIsAlphabeticallyBeforeLastName", "03.StudentWhoseFirstNameIsAlphabeticallyBeforeLastName\03.StudentWhoseFirstNameIsAlphabeticallyBeforeLastName.csproj", "{6D07D4B4-9784-48FE-B969-67F98BF189FE}"
EndProject
Project("{FAE04EC0-301F-11D3-BF4B-00C04F79EFBC}") = "04.FindStudentsWithAgeBetween18and24", "04.FindStudentsWithAgeBetween18and24\04.FindStudentsWithAgeBetween18and24.csproj", "{19B291ED-04D9-47FA-B3E4-CC59065619C1}"
EndProject
Project("{FAE04EC0-301F-11D3-BF4B-00C04F79EFBC}") = "05.OrderStudents", "05.OrderStudents\05.OrderStudents.csproj", "{C5A1F94D-8F97-4BB0-91B9-1D9D57FC0982}"
EndProject
Project("{FAE04EC0-301F-11D3-BF4B-00C04F79EFBC}") = "06.PrintAllNumbersDivisibleBy3And7", "06.PrintAllNumbersDivisibleBy3And7\06.PrintAllNumbersDivisibleBy3And7.csproj", "{66431CEA-F72B-4AB5-8F5B-11D0BBA80601}"
EndProject
Project("{FAE04EC0-301F-11D3-BF4B-00C04F79EFBC}") = "07.ClassTimerDelegates", "07.ClassTimerDelegates\07.ClassTimerDelegates.csproj", "{6014CB3B-9DAA-46FE-B961-8F591B699385}"
EndProject
Project("{FAE04EC0-301F-11D3-BF4B-00C04F79EFBC}") = "09.StudentsTasks9-16and", "09.StudentsTasks9-16and18plus19\09.StudentsTasks9-16and.csproj", "{3E04AF4F-C799-4FE1-8B95-2C7D9B66E790}"
EndProject
Project("{FAE04EC0-301F-11D3-BF4B-00C04F79EFBC}") = "17.ReturnTheStringWithMaxLength", "17.ReturnTheStringWithMaxLength\17.ReturnTheStringWithMaxLength.csproj", "{9A9A251E-36FF-43BA-9F54-BD438A3543C2}"
EndProject
Project("{FAE04EC0-301F-11D3-BF4B-00C04F79EFBC}") = "18.ExtractStudentsGroupedByGroupNamePlusTask19", "18.ExtractStudentsGroupedByGroupNamePlusTask19\18.ExtractStudentsGroupedByGroupNamePlusTask19.csproj", "{C72EACC2-BEDE-40F9-A765-41C8EC928A89}"
EndProject
Project("{FAE04EC0-301F-11D3-BF4B-00C04F79EFBC}") = "08.DelegatesWithEvents", "08.DelegatesWithEvents\08.DelegatesWithEvents.csproj", "{D5090459-AA45-4D64-9333-0A8E90B5E46C}"
EndProject
Global
	GlobalSection(SolutionConfigurationPlatforms) = preSolution
		Debug|Any CPU = Debug|Any CPU
		Release|Any CPU = Release|Any CPU
	EndGlobalSection
	GlobalSection(ProjectConfigurationPlatforms) = postSolution
		{84990C8F-E732-4ADA-8427-AB9BFCA0BCF4}.Debug|Any CPU.ActiveCfg = Debug|Any CPU
		{84990C8F-E732-4ADA-8427-AB9BFCA0BCF4}.Debug|Any CPU.Build.0 = Debug|Any CPU
		{84990C8F-E732-4ADA-8427-AB9BFCA0BCF4}.Release|Any CPU.ActiveCfg = Release|Any CPU
		{84990C8F-E732-4ADA-8427-AB9BFCA0BCF4}.Release|Any CPU.Build.0 = Release|Any CPU
		{A96F5E0C-4E21-4036-857F-67816266E865}.Debug|Any CPU.ActiveCfg = Debug|Any CPU
		{A96F5E0C-4E21-4036-857F-67816266E865}.Debug|Any CPU.Build.0 = Debug|Any CPU
		{A96F5E0C-4E21-4036-857F-67816266E865}.Release|Any CPU.ActiveCfg = Release|Any CPU
		{A96F5E0C-4E21-4036-857F-67816266E865}.Release|Any CPU.Build.0 = Release|Any CPU
		{6D07D4B4-9784-48FE-B969-67F98BF189FE}.Debug|Any CPU.ActiveCfg = Debug|Any CPU
		{6D07D4B4-9784-48FE-B969-67F98BF189FE}.Debug|Any CPU.Build.0 = Debug|Any CPU
		{6D07D4B4-9784-48FE-B969-67F98BF189FE}.Release|Any CPU.ActiveCfg = Release|Any CPU
		{6D07D4B4-9784-48FE-B969-67F98BF189FE}.Release|Any CPU.Build.0 = Release|Any CPU
		{19B291ED-04D9-47FA-B3E4-CC59065619C1}.Debug|Any CPU.ActiveCfg = Debug|Any CPU
		{19B291ED-04D9-47FA-B3E4-CC59065619C1}.Debug|Any CPU.Build.0 = Debug|Any CPU
		{19B291ED-04D9-47FA-B3E4-CC59065619C1}.Release|Any CPU.ActiveCfg = Release|Any CPU
		{19B291ED-04D9-47FA-B3E4-CC59065619C1}.Release|Any CPU.Build.0 = Release|Any CPU
		{C5A1F94D-8F97-4BB0-91B9-1D9D57FC0982}.Debug|Any CPU.ActiveCfg = Debug|Any CPU
		{C5A1F94D-8F97-4BB0-91B9-1D9D57FC0982}.Debug|Any CPU.Build.0 = Debug|Any CPU
		{C5A1F94D-8F97-4BB0-91B9-1D9D57FC0982}.Release|Any CPU.ActiveCfg = Release|Any CPU
		{C5A1F94D-8F97-4BB0-91B9-1D9D57FC0982}.Release|Any CPU.Build.0 = Release|Any CPU
		{66431CEA-F72B-4AB5-8F5B-11D0BBA80601}.Debug|Any CPU.ActiveCfg = Debug|Any CPU
		{66431CEA-F72B-4AB5-8F5B-11D0BBA80601}.Debug|Any CPU.Build.0 = Debug|Any CPU
		{66431CEA-F72B-4AB5-8F5B-11D0BBA80601}.Release|Any CPU.ActiveCfg = Release|Any CPU
		{66431CEA-F72B-4AB5-8F5B-11D0BBA80601}.Release|Any CPU.Build.0 = Release|Any CPU
		{6014CB3B-9DAA-46FE-B961-8F591B699385}.Debug|Any CPU.ActiveCfg = Debug|Any CPU
		{6014CB3B-9DAA-46FE-B961-8F591B699385}.Debug|Any CPU.Build.0 = Debug|Any CPU
		{6014CB3B-9DAA-46FE-B961-8F591B699385}.Release|Any CPU.ActiveCfg = Release|Any CPU
		{6014CB3B-9DAA-46FE-B961-8F591B699385}.Release|Any CPU.Build.0 = Release|Any CPU
		{3E04AF4F-C799-4FE1-8B95-2C7D9B66E790}.Debug|Any CPU.ActiveCfg = Debug|Any CPU
		{3E04AF4F-C799-4FE1-8B95-2C7D9B66E790}.Debug|Any CPU.Build.0 = Debug|Any CPU
		{3E04AF4F-C799-4FE1-8B95-2C7D9B66E790}.Release|Any CPU.ActiveCfg = Release|Any CPU
		{3E04AF4F-C799-4FE1-8B95-2C7D9B66E790}.Release|Any CPU.Build.0 = Release|Any CPU
		{9A9A251E-36FF-43BA-9F54-BD438A3543C2}.Debug|Any CPU.ActiveCfg = Debug|Any CPU
		{9A9A251E-36FF-43BA-9F54-BD438A3543C2}.Debug|Any CPU.Build.0 = Debug|Any CPU
		{9A9A251E-36FF-43BA-9F54-BD438A3543C2}.Release|Any CPU.ActiveCfg = Release|Any CPU
		{9A9A251E-36FF-43BA-9F54-BD438A3543C2}.Release|Any CPU.Build.0 = Release|Any CPU
		{C72EACC2-BEDE-40F9-A765-41C8EC928A89}.Debug|Any CPU.ActiveCfg = Debug|Any CPU
		{C72EACC2-BEDE-40F9-A765-41C8EC928A89}.Debug|Any CPU.Build.0 = Debug|Any CPU
		{C72EACC2-BEDE-40F9-A765-41C8EC928A89}.Release|Any CPU.ActiveCfg = Release|Any CPU
		{C72EACC2-BEDE-40F9-A765-41C8EC928A89}.Release|Any CPU.Build.0 = Release|Any CPU
		{D5090459-AA45-4D64-9333-0A8E90B5E46C}.Debug|Any CPU.ActiveCfg = Debug|Any CPU
		{D5090459-AA45-4D64-9333-0A8E90B5E46C}.Debug|Any CPU.Build.0 = Debug|Any CPU
		{D5090459-AA45-4D64-9333-0A8E90B5E46C}.Release|Any CPU.ActiveCfg = Release|Any CPU
		{D5090459-AA45-4D64-9333-0A8E90B5E46C}.Release|Any CPU.Build.0 = Release|Any CPU
	EndGlobalSection
	GlobalSection(SolutionProperties) = preSolution
		HideSolutionNode = FALSE
	EndGlobalSection
EndGlobal
