
Microsoft Visual Studio Solution File, Format Version 12.00
# Visual Studio 2013
VisualStudioVersion = 12.0.30501.0
MinimumVisualStudioVersion = 10.0.40219.1
Project("{FAE04EC0-301F-11D3-BF4B-00C04F79EFBC}") = "01.PriorityQueue", "01.PriorityQueue\01.PriorityQueue.csproj", "{A83C9F04-1C2F-45D6-8B8B-71EE1B1387ED}"
EndProject
Project("{FAE04EC0-301F-11D3-BF4B-00C04F79EFBC}") = "02.TestLargeCollectionOfProducts", "02.TestLargeCollectionOfProducts\02.TestLargeCollectionOfProducts.csproj", "{AB7CB6DA-68CE-42B5-A86C-9DF0785C66B3}"
EndProject
Project("{FAE04EC0-301F-11D3-BF4B-00C04F79EFBC}") = "03.WordOccurence", "03.WordOccurence\03.WordOccurence.csproj", "{6FF577F9-E596-4F6C-9DC0-32F27E2DD8C1}"
EndProject
Global
	GlobalSection(SolutionConfigurationPlatforms) = preSolution
		Debug|Any CPU = Debug|Any CPU
		Release|Any CPU = Release|Any CPU
	EndGlobalSection
	GlobalSection(ProjectConfigurationPlatforms) = postSolution
		{A83C9F04-1C2F-45D6-8B8B-71EE1B1387ED}.Debug|Any CPU.ActiveCfg = Debug|Any CPU
		{A83C9F04-1C2F-45D6-8B8B-71EE1B1387ED}.Debug|Any CPU.Build.0 = Debug|Any CPU
		{A83C9F04-1C2F-45D6-8B8B-71EE1B1387ED}.Release|Any CPU.ActiveCfg = Release|Any CPU
		{A83C9F04-1C2F-45D6-8B8B-71EE1B1387ED}.Release|Any CPU.Build.0 = Release|Any CPU
		{AB7CB6DA-68CE-42B5-A86C-9DF0785C66B3}.Debug|Any CPU.ActiveCfg = Debug|Any CPU
		{AB7CB6DA-68CE-42B5-A86C-9DF0785C66B3}.Debug|Any CPU.Build.0 = Debug|Any CPU
		{AB7CB6DA-68CE-42B5-A86C-9DF0785C66B3}.Release|Any CPU.ActiveCfg = Release|Any CPU
		{AB7CB6DA-68CE-42B5-A86C-9DF0785C66B3}.Release|Any CPU.Build.0 = Release|Any CPU
		{6FF577F9-E596-4F6C-9DC0-32F27E2DD8C1}.Debug|Any CPU.ActiveCfg = Debug|Any CPU
		{6FF577F9-E596-4F6C-9DC0-32F27E2DD8C1}.Debug|Any CPU.Build.0 = Debug|Any CPU
		{6FF577F9-E596-4F6C-9DC0-32F27E2DD8C1}.Release|Any CPU.ActiveCfg = Release|Any CPU
		{6FF577F9-E596-4F6C-9DC0-32F27E2DD8C1}.Release|Any CPU.Build.0 = Release|Any CPU
	EndGlobalSection
	GlobalSection(SolutionProperties) = preSolution
		HideSolutionNode = FALSE
	EndGlobalSection
EndGlobal
