
Microsoft Visual Studio Solution File, Format Version 12.00
# Visual Studio 2013
VisualStudioVersion = 12.0.21005.1
MinimumVisualStudioVersion = 10.0.40219.1
Project("{FAE04EC0-301F-11D3-BF4B-00C04F79EFBC}") = "01.SelectAllTheDivsInOtherDivs", "01.SelectAllTheDivsInOtherDivs\01.SelectAllTheDivsInOtherDivs.csproj", "{D7E86C44-EE0C-4889-BB94-A71851BE29DC}"
EndProject
Project("{FAE04EC0-301F-11D3-BF4B-00C04F79EFBC}") = "02.GetValueFromTextInput", "02.GetValueFromTextInput\02.GetValueFromTextInput.csproj", "{D68763B4-73A3-4709-A834-9F0B2DDF9457}"
EndProject
Project("{FAE04EC0-301F-11D3-BF4B-00C04F79EFBC}") = "03.GetColorSetBackground", "03.GetColorSetBackground\03.GetColorSetBackground.csproj", "{5F4389AE-71C7-4B09-8792-C84D947E31F2}"
EndProject
Project("{FAE04EC0-301F-11D3-BF4B-00C04F79EFBC}") = "04.QuerySelectorShim", "04.QuerySelectorShim\04.QuerySelectorShim.csproj", "{67171C6B-CBD8-435C-9C9A-595AEC273D45}"
EndProject
Global
	GlobalSection(SolutionConfigurationPlatforms) = preSolution
		Debug|Any CPU = Debug|Any CPU
		Release|Any CPU = Release|Any CPU
	EndGlobalSection
	GlobalSection(ProjectConfigurationPlatforms) = postSolution
		{D7E86C44-EE0C-4889-BB94-A71851BE29DC}.Debug|Any CPU.ActiveCfg = Debug|Any CPU
		{D7E86C44-EE0C-4889-BB94-A71851BE29DC}.Debug|Any CPU.Build.0 = Debug|Any CPU
		{D7E86C44-EE0C-4889-BB94-A71851BE29DC}.Release|Any CPU.ActiveCfg = Release|Any CPU
		{D7E86C44-EE0C-4889-BB94-A71851BE29DC}.Release|Any CPU.Build.0 = Release|Any CPU
		{D68763B4-73A3-4709-A834-9F0B2DDF9457}.Debug|Any CPU.ActiveCfg = Debug|Any CPU
		{D68763B4-73A3-4709-A834-9F0B2DDF9457}.Debug|Any CPU.Build.0 = Debug|Any CPU
		{D68763B4-73A3-4709-A834-9F0B2DDF9457}.Release|Any CPU.ActiveCfg = Release|Any CPU
		{D68763B4-73A3-4709-A834-9F0B2DDF9457}.Release|Any CPU.Build.0 = Release|Any CPU
		{5F4389AE-71C7-4B09-8792-C84D947E31F2}.Debug|Any CPU.ActiveCfg = Debug|Any CPU
		{5F4389AE-71C7-4B09-8792-C84D947E31F2}.Debug|Any CPU.Build.0 = Debug|Any CPU
		{5F4389AE-71C7-4B09-8792-C84D947E31F2}.Release|Any CPU.ActiveCfg = Release|Any CPU
		{5F4389AE-71C7-4B09-8792-C84D947E31F2}.Release|Any CPU.Build.0 = Release|Any CPU
		{67171C6B-CBD8-435C-9C9A-595AEC273D45}.Debug|Any CPU.ActiveCfg = Debug|Any CPU
		{67171C6B-CBD8-435C-9C9A-595AEC273D45}.Debug|Any CPU.Build.0 = Debug|Any CPU
		{67171C6B-CBD8-435C-9C9A-595AEC273D45}.Release|Any CPU.ActiveCfg = Release|Any CPU
		{67171C6B-CBD8-435C-9C9A-595AEC273D45}.Release|Any CPU.Build.0 = Release|Any CPU
	EndGlobalSection
	GlobalSection(SolutionProperties) = preSolution
		HideSolutionNode = FALSE
	EndGlobalSection
EndGlobal
