
Microsoft Visual Studio Solution File, Format Version 12.00
# Visual Studio 2013
VisualStudioVersion = 12.0.30501.0
MinimumVisualStudioVersion = 10.0.40219.1
Project("{FAE04EC0-301F-11D3-BF4B-00C04F79EFBC}") = "Xml.Students.ConsoleClient", "Xml.Students.ConsoleClient\Xml.Students.ConsoleClient.csproj", "{CDA0BAFC-7F9B-49C9-A3B8-46FAE7CCCCC1}"
EndProject
Project("{FAE04EC0-301F-11D3-BF4B-00C04F79EFBC}") = "XmlStudents.Model", "XmlStudents.Model\XmlStudents.Model.csproj", "{8B1E20E1-C6DD-4A00-9AAA-E5AC29C6853B}"
EndProject
Project("{FAE04EC0-301F-11D3-BF4B-00C04F79EFBC}") = "XmlStudents.Data", "XmlStudents.Data\XmlStudents.Data.csproj", "{F2AC5A1E-2E11-48D7-B72C-A3A0C4065DBC}"
EndProject
Global
	GlobalSection(SolutionConfigurationPlatforms) = preSolution
		Debug|Any CPU = Debug|Any CPU
		Release|Any CPU = Release|Any CPU
	EndGlobalSection
	GlobalSection(ProjectConfigurationPlatforms) = postSolution
		{CDA0BAFC-7F9B-49C9-A3B8-46FAE7CCCCC1}.Debug|Any CPU.ActiveCfg = Debug|Any CPU
		{CDA0BAFC-7F9B-49C9-A3B8-46FAE7CCCCC1}.Debug|Any CPU.Build.0 = Debug|Any CPU
		{CDA0BAFC-7F9B-49C9-A3B8-46FAE7CCCCC1}.Release|Any CPU.ActiveCfg = Release|Any CPU
		{CDA0BAFC-7F9B-49C9-A3B8-46FAE7CCCCC1}.Release|Any CPU.Build.0 = Release|Any CPU
		{8B1E20E1-C6DD-4A00-9AAA-E5AC29C6853B}.Debug|Any CPU.ActiveCfg = Debug|Any CPU
		{8B1E20E1-C6DD-4A00-9AAA-E5AC29C6853B}.Debug|Any CPU.Build.0 = Debug|Any CPU
		{8B1E20E1-C6DD-4A00-9AAA-E5AC29C6853B}.Release|Any CPU.ActiveCfg = Release|Any CPU
		{8B1E20E1-C6DD-4A00-9AAA-E5AC29C6853B}.Release|Any CPU.Build.0 = Release|Any CPU
		{F2AC5A1E-2E11-48D7-B72C-A3A0C4065DBC}.Debug|Any CPU.ActiveCfg = Debug|Any CPU
		{F2AC5A1E-2E11-48D7-B72C-A3A0C4065DBC}.Debug|Any CPU.Build.0 = Debug|Any CPU
		{F2AC5A1E-2E11-48D7-B72C-A3A0C4065DBC}.Release|Any CPU.ActiveCfg = Release|Any CPU
		{F2AC5A1E-2E11-48D7-B72C-A3A0C4065DBC}.Release|Any CPU.Build.0 = Release|Any CPU
	EndGlobalSection
	GlobalSection(SolutionProperties) = preSolution
		HideSolutionNode = FALSE
	EndGlobalSection
EndGlobal
