
Microsoft Visual Studio Solution File, Format Version 12.00
# Visual Studio 2012
Project("{FAE04EC0-301F-11D3-BF4B-00C04F79EFBC}") = "04.CaseInsensitiveWordCount", "04.CaseInsensitiveWordCount\04.CaseInsensitiveWordCount.csproj", "{5C72E359-696F-4500-ABCF-58F550444440}"
EndProject
Project("{FAE04EC0-301F-11D3-BF4B-00C04F79EFBC}") = "05.TextInsideTagesToUpper", "05.TextInsideTagesToUpper\05.TextInsideTagesToUpper.csproj", "{E690781B-6C4C-4171-8AFA-EDE11CA8E38B}"
EndProject
Project("{FAE04EC0-301F-11D3-BF4B-00C04F79EFBC}") = "08.SentenceExtractor", "08.SentenceExtractor\08.SentenceExtractor.csproj", "{F64AE6F6-E124-458C-BCFA-26B4D3F101F4}"
EndProject
Project("{FAE04EC0-301F-11D3-BF4B-00C04F79EFBC}") = "09.ForbiddenWords", "09.ForbiddenWords\09.ForbiddenWords.csproj", "{C4E4A2C7-2260-4DC7-9575-D3E1799A7387}"
EndProject
Project("{FAE04EC0-301F-11D3-BF4B-00C04F79EFBC}") = "10.StringToUnicodeConverter", "10.StringToUnicodeConverter\10.StringToUnicodeConverter.csproj", "{09453121-17C3-4FF7-8FD6-0D2AE5814D63}"
EndProject
Project("{FAE04EC0-301F-11D3-BF4B-00C04F79EFBC}") = "11.VariousFormatPrinting", "11.VariousFormatPrinting\11.VariousFormatPrinting.csproj", "{B1F66D5C-4D1A-4D67-B93A-E3F278F0F336}"
EndProject
Project("{FAE04EC0-301F-11D3-BF4B-00C04F79EFBC}") = "12.UrlParser", "12.UrlParser\12.UrlParser.csproj", "{CD3186B2-8B1C-4C6A-872C-C91B8A3AD0AD}"
EndProject
Project("{FAE04EC0-301F-11D3-BF4B-00C04F79EFBC}") = "14.Dictionary", "14.Dictionary\14.Dictionary.csproj", "{0A7E0D58-8E6F-4763-BD28-D1CF7A454145}"
EndProject
Project("{FAE04EC0-301F-11D3-BF4B-00C04F79EFBC}") = "15.HtmlReplaceTag", "15.HtmlReplaceTag\15.HtmlReplaceTag.csproj", "{D65FC366-1EDB-4592-A1C6-47D9A3B8B2D2}"
EndProject
Project("{FAE04EC0-301F-11D3-BF4B-00C04F79EFBC}") = "16.TimeLapseCalculator", "16.TimeLapseCalculator\16.TimeLapseCalculator.csproj", "{A1708E57-1B6D-487F-8480-3F708B501F0E}"
EndProject
Project("{FAE04EC0-301F-11D3-BF4B-00C04F79EFBC}") = "02.ReverseString", "02.ReverseString\02.ReverseString.csproj", "{2B5BA51E-440B-4596-A552-3AC6C41609DC}"
EndProject
Project("{FAE04EC0-301F-11D3-BF4B-00C04F79EFBC}") = "03.BracketCheck", "03.BracketCheck\03.BracketCheck.csproj", "{C4D4EC3C-23B1-40B9-B774-617EDF52D4EA}"
EndProject
Project("{FAE04EC0-301F-11D3-BF4B-00C04F79EFBC}") = "06.FillingString", "06.FillingString\06.FillingString.csproj", "{9B6DDE04-34C4-4CAC-9D60-D6B47DB1E21B}"
EndProject
Project("{FAE04EC0-301F-11D3-BF4B-00C04F79EFBC}") = "07.DecodeEncodeString", "07.DecodeEncodeString\07.DecodeEncodeString.csproj", "{E651A20D-D5EE-470D-9CA5-20A3DD92C360}"
EndProject
Project("{FAE04EC0-301F-11D3-BF4B-00C04F79EFBC}") = "17.DateTime", "17.DateTime\17.DateTime.csproj", "{7067866C-B0FA-4116-B878-6D595E2A7476}"
EndProject
Project("{FAE04EC0-301F-11D3-BF4B-00C04F79EFBC}") = "18.ExtractEmails", "18.ExtractEmails\18.ExtractEmails.csproj", "{7CD8C656-8D9B-4031-826B-D42142B5F695}"
EndProject
Project("{FAE04EC0-301F-11D3-BF4B-00C04F79EFBC}") = "19.ExtractDates", "19.ExtractDates\19.ExtractDates.csproj", "{FD2A8720-9A4C-47AF-B04A-F73E03B96B25}"
EndProject
Project("{FAE04EC0-301F-11D3-BF4B-00C04F79EFBC}") = "20.Palindromes", "20.Palindromes\20.Palindromes.csproj", "{5783BD49-BF06-4AD0-A598-746BA41177C5}"
EndProject
Project("{FAE04EC0-301F-11D3-BF4B-00C04F79EFBC}") = "21.DifferentLetters", "21.DifferentLetters\21.DifferentLetters.csproj", "{F3AA01DE-B389-4E9D-8CD3-F5DBDE126C6F}"
EndProject
Project("{FAE04EC0-301F-11D3-BF4B-00C04F79EFBC}") = "22.CountDifferentWords", "22.CountDifferentWords\22.CountDifferentWords.csproj", "{A3F55178-1A77-4F20-9243-81B7FABF6817}"
EndProject
Project("{FAE04EC0-301F-11D3-BF4B-00C04F79EFBC}") = "23.ReplaceMatchingLetters", "23.ReplaceMatchingLetters\23.ReplaceMatchingLetters.csproj", "{CE7F3A1B-8DAB-410E-ADDC-F9DFBA82E930}"
EndProject
Project("{FAE04EC0-301F-11D3-BF4B-00C04F79EFBC}") = "24.AlphabeticalOrder", "24.AlphabeticalOrder\24.AlphabeticalOrder.csproj", "{C5F18366-E1DB-49F2-BF69-3AB689796378}"
EndProject
Project("{FAE04EC0-301F-11D3-BF4B-00C04F79EFBC}") = "25.ExtractText", "25.ExtractText\25.ExtractText.csproj", "{F68F5C2D-CC38-4D42-9F6D-461E57B04219}"
EndProject
Project("{FAE04EC0-301F-11D3-BF4B-00C04F79EFBC}") = "13.ReverseWords", "13.ReverseWords\13.ReverseWords.csproj", "{247C31CC-9C47-4D30-909F-367DC6E8F195}"
EndProject
Global
	GlobalSection(SolutionConfigurationPlatforms) = preSolution
		Debug|Any CPU = Debug|Any CPU
		Release|Any CPU = Release|Any CPU
	EndGlobalSection
	GlobalSection(ProjectConfigurationPlatforms) = postSolution
		{5C72E359-696F-4500-ABCF-58F550444440}.Debug|Any CPU.ActiveCfg = Debug|Any CPU
		{5C72E359-696F-4500-ABCF-58F550444440}.Debug|Any CPU.Build.0 = Debug|Any CPU
		{5C72E359-696F-4500-ABCF-58F550444440}.Release|Any CPU.ActiveCfg = Release|Any CPU
		{5C72E359-696F-4500-ABCF-58F550444440}.Release|Any CPU.Build.0 = Release|Any CPU
		{E690781B-6C4C-4171-8AFA-EDE11CA8E38B}.Debug|Any CPU.ActiveCfg = Debug|Any CPU
		{E690781B-6C4C-4171-8AFA-EDE11CA8E38B}.Debug|Any CPU.Build.0 = Debug|Any CPU
		{E690781B-6C4C-4171-8AFA-EDE11CA8E38B}.Release|Any CPU.ActiveCfg = Release|Any CPU
		{E690781B-6C4C-4171-8AFA-EDE11CA8E38B}.Release|Any CPU.Build.0 = Release|Any CPU
		{F64AE6F6-E124-458C-BCFA-26B4D3F101F4}.Debug|Any CPU.ActiveCfg = Debug|Any CPU
		{F64AE6F6-E124-458C-BCFA-26B4D3F101F4}.Debug|Any CPU.Build.0 = Debug|Any CPU
		{F64AE6F6-E124-458C-BCFA-26B4D3F101F4}.Release|Any CPU.ActiveCfg = Release|Any CPU
		{F64AE6F6-E124-458C-BCFA-26B4D3F101F4}.Release|Any CPU.Build.0 = Release|Any CPU
		{C4E4A2C7-2260-4DC7-9575-D3E1799A7387}.Debug|Any CPU.ActiveCfg = Debug|Any CPU
		{C4E4A2C7-2260-4DC7-9575-D3E1799A7387}.Debug|Any CPU.Build.0 = Debug|Any CPU
		{C4E4A2C7-2260-4DC7-9575-D3E1799A7387}.Release|Any CPU.ActiveCfg = Release|Any CPU
		{C4E4A2C7-2260-4DC7-9575-D3E1799A7387}.Release|Any CPU.Build.0 = Release|Any CPU
		{09453121-17C3-4FF7-8FD6-0D2AE5814D63}.Debug|Any CPU.ActiveCfg = Debug|Any CPU
		{09453121-17C3-4FF7-8FD6-0D2AE5814D63}.Debug|Any CPU.Build.0 = Debug|Any CPU
		{09453121-17C3-4FF7-8FD6-0D2AE5814D63}.Release|Any CPU.ActiveCfg = Release|Any CPU
		{09453121-17C3-4FF7-8FD6-0D2AE5814D63}.Release|Any CPU.Build.0 = Release|Any CPU
		{B1F66D5C-4D1A-4D67-B93A-E3F278F0F336}.Debug|Any CPU.ActiveCfg = Debug|Any CPU
		{B1F66D5C-4D1A-4D67-B93A-E3F278F0F336}.Debug|Any CPU.Build.0 = Debug|Any CPU
		{B1F66D5C-4D1A-4D67-B93A-E3F278F0F336}.Release|Any CPU.ActiveCfg = Release|Any CPU
		{B1F66D5C-4D1A-4D67-B93A-E3F278F0F336}.Release|Any CPU.Build.0 = Release|Any CPU
		{CD3186B2-8B1C-4C6A-872C-C91B8A3AD0AD}.Debug|Any CPU.ActiveCfg = Debug|Any CPU
		{CD3186B2-8B1C-4C6A-872C-C91B8A3AD0AD}.Debug|Any CPU.Build.0 = Debug|Any CPU
		{CD3186B2-8B1C-4C6A-872C-C91B8A3AD0AD}.Release|Any CPU.ActiveCfg = Release|Any CPU
		{CD3186B2-8B1C-4C6A-872C-C91B8A3AD0AD}.Release|Any CPU.Build.0 = Release|Any CPU
		{0A7E0D58-8E6F-4763-BD28-D1CF7A454145}.Debug|Any CPU.ActiveCfg = Debug|Any CPU
		{0A7E0D58-8E6F-4763-BD28-D1CF7A454145}.Debug|Any CPU.Build.0 = Debug|Any CPU
		{0A7E0D58-8E6F-4763-BD28-D1CF7A454145}.Release|Any CPU.ActiveCfg = Release|Any CPU
		{0A7E0D58-8E6F-4763-BD28-D1CF7A454145}.Release|Any CPU.Build.0 = Release|Any CPU
		{D65FC366-1EDB-4592-A1C6-47D9A3B8B2D2}.Debug|Any CPU.ActiveCfg = Debug|Any CPU
		{D65FC366-1EDB-4592-A1C6-47D9A3B8B2D2}.Debug|Any CPU.Build.0 = Debug|Any CPU
		{D65FC366-1EDB-4592-A1C6-47D9A3B8B2D2}.Release|Any CPU.ActiveCfg = Release|Any CPU
		{D65FC366-1EDB-4592-A1C6-47D9A3B8B2D2}.Release|Any CPU.Build.0 = Release|Any CPU
		{A1708E57-1B6D-487F-8480-3F708B501F0E}.Debug|Any CPU.ActiveCfg = Debug|Any CPU
		{A1708E57-1B6D-487F-8480-3F708B501F0E}.Debug|Any CPU.Build.0 = Debug|Any CPU
		{A1708E57-1B6D-487F-8480-3F708B501F0E}.Release|Any CPU.ActiveCfg = Release|Any CPU
		{A1708E57-1B6D-487F-8480-3F708B501F0E}.Release|Any CPU.Build.0 = Release|Any CPU
		{2B5BA51E-440B-4596-A552-3AC6C41609DC}.Debug|Any CPU.ActiveCfg = Debug|Any CPU
		{2B5BA51E-440B-4596-A552-3AC6C41609DC}.Debug|Any CPU.Build.0 = Debug|Any CPU
		{2B5BA51E-440B-4596-A552-3AC6C41609DC}.Release|Any CPU.ActiveCfg = Release|Any CPU
		{2B5BA51E-440B-4596-A552-3AC6C41609DC}.Release|Any CPU.Build.0 = Release|Any CPU
		{C4D4EC3C-23B1-40B9-B774-617EDF52D4EA}.Debug|Any CPU.ActiveCfg = Debug|Any CPU
		{C4D4EC3C-23B1-40B9-B774-617EDF52D4EA}.Debug|Any CPU.Build.0 = Debug|Any CPU
		{C4D4EC3C-23B1-40B9-B774-617EDF52D4EA}.Release|Any CPU.ActiveCfg = Release|Any CPU
		{C4D4EC3C-23B1-40B9-B774-617EDF52D4EA}.Release|Any CPU.Build.0 = Release|Any CPU
		{9B6DDE04-34C4-4CAC-9D60-D6B47DB1E21B}.Debug|Any CPU.ActiveCfg = Debug|Any CPU
		{9B6DDE04-34C4-4CAC-9D60-D6B47DB1E21B}.Debug|Any CPU.Build.0 = Debug|Any CPU
		{9B6DDE04-34C4-4CAC-9D60-D6B47DB1E21B}.Release|Any CPU.ActiveCfg = Release|Any CPU
		{9B6DDE04-34C4-4CAC-9D60-D6B47DB1E21B}.Release|Any CPU.Build.0 = Release|Any CPU
		{E651A20D-D5EE-470D-9CA5-20A3DD92C360}.Debug|Any CPU.ActiveCfg = Debug|Any CPU
		{E651A20D-D5EE-470D-9CA5-20A3DD92C360}.Debug|Any CPU.Build.0 = Debug|Any CPU
		{E651A20D-D5EE-470D-9CA5-20A3DD92C360}.Release|Any CPU.ActiveCfg = Release|Any CPU
		{E651A20D-D5EE-470D-9CA5-20A3DD92C360}.Release|Any CPU.Build.0 = Release|Any CPU
		{7067866C-B0FA-4116-B878-6D595E2A7476}.Debug|Any CPU.ActiveCfg = Debug|Any CPU
		{7067866C-B0FA-4116-B878-6D595E2A7476}.Debug|Any CPU.Build.0 = Debug|Any CPU
		{7067866C-B0FA-4116-B878-6D595E2A7476}.Release|Any CPU.ActiveCfg = Release|Any CPU
		{7067866C-B0FA-4116-B878-6D595E2A7476}.Release|Any CPU.Build.0 = Release|Any CPU
		{7CD8C656-8D9B-4031-826B-D42142B5F695}.Debug|Any CPU.ActiveCfg = Debug|Any CPU
		{7CD8C656-8D9B-4031-826B-D42142B5F695}.Debug|Any CPU.Build.0 = Debug|Any CPU
		{7CD8C656-8D9B-4031-826B-D42142B5F695}.Release|Any CPU.ActiveCfg = Release|Any CPU
		{7CD8C656-8D9B-4031-826B-D42142B5F695}.Release|Any CPU.Build.0 = Release|Any CPU
		{FD2A8720-9A4C-47AF-B04A-F73E03B96B25}.Debug|Any CPU.ActiveCfg = Debug|Any CPU
		{FD2A8720-9A4C-47AF-B04A-F73E03B96B25}.Debug|Any CPU.Build.0 = Debug|Any CPU
		{FD2A8720-9A4C-47AF-B04A-F73E03B96B25}.Release|Any CPU.ActiveCfg = Release|Any CPU
		{FD2A8720-9A4C-47AF-B04A-F73E03B96B25}.Release|Any CPU.Build.0 = Release|Any CPU
		{5783BD49-BF06-4AD0-A598-746BA41177C5}.Debug|Any CPU.ActiveCfg = Debug|Any CPU
		{5783BD49-BF06-4AD0-A598-746BA41177C5}.Debug|Any CPU.Build.0 = Debug|Any CPU
		{5783BD49-BF06-4AD0-A598-746BA41177C5}.Release|Any CPU.ActiveCfg = Release|Any CPU
		{5783BD49-BF06-4AD0-A598-746BA41177C5}.Release|Any CPU.Build.0 = Release|Any CPU
		{F3AA01DE-B389-4E9D-8CD3-F5DBDE126C6F}.Debug|Any CPU.ActiveCfg = Debug|Any CPU
		{F3AA01DE-B389-4E9D-8CD3-F5DBDE126C6F}.Debug|Any CPU.Build.0 = Debug|Any CPU
		{F3AA01DE-B389-4E9D-8CD3-F5DBDE126C6F}.Release|Any CPU.ActiveCfg = Release|Any CPU
		{F3AA01DE-B389-4E9D-8CD3-F5DBDE126C6F}.Release|Any CPU.Build.0 = Release|Any CPU
		{A3F55178-1A77-4F20-9243-81B7FABF6817}.Debug|Any CPU.ActiveCfg = Debug|Any CPU
		{A3F55178-1A77-4F20-9243-81B7FABF6817}.Debug|Any CPU.Build.0 = Debug|Any CPU
		{A3F55178-1A77-4F20-9243-81B7FABF6817}.Release|Any CPU.ActiveCfg = Release|Any CPU
		{A3F55178-1A77-4F20-9243-81B7FABF6817}.Release|Any CPU.Build.0 = Release|Any CPU
		{CE7F3A1B-8DAB-410E-ADDC-F9DFBA82E930}.Debug|Any CPU.ActiveCfg = Debug|Any CPU
		{CE7F3A1B-8DAB-410E-ADDC-F9DFBA82E930}.Debug|Any CPU.Build.0 = Debug|Any CPU
		{CE7F3A1B-8DAB-410E-ADDC-F9DFBA82E930}.Release|Any CPU.ActiveCfg = Release|Any CPU
		{CE7F3A1B-8DAB-410E-ADDC-F9DFBA82E930}.Release|Any CPU.Build.0 = Release|Any CPU
		{C5F18366-E1DB-49F2-BF69-3AB689796378}.Debug|Any CPU.ActiveCfg = Debug|Any CPU
		{C5F18366-E1DB-49F2-BF69-3AB689796378}.Debug|Any CPU.Build.0 = Debug|Any CPU
		{C5F18366-E1DB-49F2-BF69-3AB689796378}.Release|Any CPU.ActiveCfg = Release|Any CPU
		{C5F18366-E1DB-49F2-BF69-3AB689796378}.Release|Any CPU.Build.0 = Release|Any CPU
		{F68F5C2D-CC38-4D42-9F6D-461E57B04219}.Debug|Any CPU.ActiveCfg = Debug|Any CPU
		{F68F5C2D-CC38-4D42-9F6D-461E57B04219}.Debug|Any CPU.Build.0 = Debug|Any CPU
		{F68F5C2D-CC38-4D42-9F6D-461E57B04219}.Release|Any CPU.ActiveCfg = Release|Any CPU
		{F68F5C2D-CC38-4D42-9F6D-461E57B04219}.Release|Any CPU.Build.0 = Release|Any CPU
		{247C31CC-9C47-4D30-909F-367DC6E8F195}.Debug|Any CPU.ActiveCfg = Debug|Any CPU
		{247C31CC-9C47-4D30-909F-367DC6E8F195}.Debug|Any CPU.Build.0 = Debug|Any CPU
		{247C31CC-9C47-4D30-909F-367DC6E8F195}.Release|Any CPU.ActiveCfg = Release|Any CPU
		{247C31CC-9C47-4D30-909F-367DC6E8F195}.Release|Any CPU.Build.0 = Release|Any CPU
	EndGlobalSection
	GlobalSection(SolutionProperties) = preSolution
		HideSolutionNode = FALSE
	EndGlobalSection
EndGlobal
