
Microsoft Visual Studio Solution File, Format Version 12.00
# Visual Studio 2013
VisualStudioVersion = 12.0.30501.0
MinimumVisualStudioVersion = 10.0.40219.1
Project("{FAE04EC0-301F-11D3-BF4B-00C04F79EFBC}") = "01.PrintingAllCombinationsFrom1ToN", "01.PrintingAllCombinationsFrom1ToN\01.PrintingAllCombinationsFrom1ToN.csproj", "{52656CBA-2EA1-4DAC-B545-2832130076B6}"
EndProject
Project("{FAE04EC0-301F-11D3-BF4B-00C04F79EFBC}") = "02.GenerateKElementCombinationsToN", "02.GenerateKElementCombinationsToN\02.GenerateKElementCombinationsToN.csproj", "{BDECE20D-DDD4-4642-AB39-4A28C6E2D625}"
EndProject
Project("{FAE04EC0-301F-11D3-BF4B-00C04F79EFBC}") = "03.ExtendThePreviousExerciseToSkipDuplicates", "03.ExtendThePreviousExerciseToSkipDuplicates\03.ExtendThePreviousExerciseToSkipDuplicates.csproj", "{D725B133-6FDD-420B-8C03-91E0533CEC74}"
EndProject
Project("{FAE04EC0-301F-11D3-BF4B-00C04F79EFBC}") = "04.GenerateAllPermutationsToN", "04.GenerateAllPermutationsToN\04.GenerateAllPermutationsToN.csproj", "{FE24B26D-AC63-4208-82C0-ED7CFC1AF189}"
EndProject
Project("{FAE04EC0-301F-11D3-BF4B-00C04F79EFBC}") = "05.GenerateAllStringCombinationsOfGivenSubset", "05.GenerateAllStringCombinationsOfGivenSubset\05.GenerateAllStringCombinationsOfGivenSubset.csproj", "{2BEF5EE3-8148-41F0-ADD6-A0FEB84B21EB}"
EndProject
Project("{FAE04EC0-301F-11D3-BF4B-00C04F79EFBC}") = "06.GenerateAllSubsetsInGivenSetOfStrings", "06.GenerateAllSubsetsInGivenSetOfStrings\06.GenerateAllSubsetsInGivenSetOfStrings.csproj", "{45CC4EC2-03E8-45E5-ADFE-4C2863E9777B}"
EndProject
Project("{FAE04EC0-301F-11D3-BF4B-00C04F79EFBC}") = "07.FindAllPathsBetweenTwoCellsInAMatrix", "07.FindAllPathsBetweenTwoCellsInAMatrix\07.FindAllPathsBetweenTwoCellsInAMatrix.csproj", "{F71E9EF3-412F-46A2-903F-E9919C6A1327}"
EndProject
Project("{FAE04EC0-301F-11D3-BF4B-00C04F79EFBC}") = "08.IsThereAPathBetweenTwoCells", "08.IsThereAPathBetweenTwoCells\08.IsThereAPathBetweenTwoCells.csproj", "{081EE86E-EE3C-49A1-BA62-3F24255273EC}"
EndProject
Project("{FAE04EC0-301F-11D3-BF4B-00C04F79EFBC}") = "09.FindLargestConnectedAreaOfAdjacentEmptyCells", "09.FindLargestConnectedAreaOfAdjacentEmptyCells\09.FindLargestConnectedAreaOfAdjacentEmptyCells.csproj", "{FA08CD7B-9BC4-407C-9126-08AEB8ED765A}"
EndProject
Project("{FAE04EC0-301F-11D3-BF4B-00C04F79EFBC}") = "10.FindAllAreasOfPassableCellsInAMatrix", "10.FindAllAreasOfPassableCellsInAMatrix\10.FindAllAreasOfPassableCellsInAMatrix.csproj", "{7A4EA4CD-8796-48EB-ACD1-ADAE29228065}"
EndProject
Project("{FAE04EC0-301F-11D3-BF4B-00C04F79EFBC}") = "11.PermutationWithRepetitionOfGivenMultiSet", "11.PermutationWithRepetitionOfGivenMultiSet\11.PermutationWithRepetitionOfGivenMultiSet.csproj", "{431CE13C-FA5D-46F3-88FB-3DF48D3B0763}"
EndProject
Project("{FAE04EC0-301F-11D3-BF4B-00C04F79EFBC}") = "12.SolvingEightQueensProblem", "12.SolvingEightQueensProblem\12.SolvingEightQueensProblem.csproj", "{CE4FA236-CFA9-4A4A-B02E-7E9E3574687B}"
EndProject
Global
	GlobalSection(SolutionConfigurationPlatforms) = preSolution
		Debug|Any CPU = Debug|Any CPU
		Release|Any CPU = Release|Any CPU
	EndGlobalSection
	GlobalSection(ProjectConfigurationPlatforms) = postSolution
		{52656CBA-2EA1-4DAC-B545-2832130076B6}.Debug|Any CPU.ActiveCfg = Debug|Any CPU
		{52656CBA-2EA1-4DAC-B545-2832130076B6}.Debug|Any CPU.Build.0 = Debug|Any CPU
		{52656CBA-2EA1-4DAC-B545-2832130076B6}.Release|Any CPU.ActiveCfg = Release|Any CPU
		{52656CBA-2EA1-4DAC-B545-2832130076B6}.Release|Any CPU.Build.0 = Release|Any CPU
		{BDECE20D-DDD4-4642-AB39-4A28C6E2D625}.Debug|Any CPU.ActiveCfg = Debug|Any CPU
		{BDECE20D-DDD4-4642-AB39-4A28C6E2D625}.Debug|Any CPU.Build.0 = Debug|Any CPU
		{BDECE20D-DDD4-4642-AB39-4A28C6E2D625}.Release|Any CPU.ActiveCfg = Release|Any CPU
		{BDECE20D-DDD4-4642-AB39-4A28C6E2D625}.Release|Any CPU.Build.0 = Release|Any CPU
		{D725B133-6FDD-420B-8C03-91E0533CEC74}.Debug|Any CPU.ActiveCfg = Debug|Any CPU
		{D725B133-6FDD-420B-8C03-91E0533CEC74}.Debug|Any CPU.Build.0 = Debug|Any CPU
		{D725B133-6FDD-420B-8C03-91E0533CEC74}.Release|Any CPU.ActiveCfg = Release|Any CPU
		{D725B133-6FDD-420B-8C03-91E0533CEC74}.Release|Any CPU.Build.0 = Release|Any CPU
		{FE24B26D-AC63-4208-82C0-ED7CFC1AF189}.Debug|Any CPU.ActiveCfg = Debug|Any CPU
		{FE24B26D-AC63-4208-82C0-ED7CFC1AF189}.Debug|Any CPU.Build.0 = Debug|Any CPU
		{FE24B26D-AC63-4208-82C0-ED7CFC1AF189}.Release|Any CPU.ActiveCfg = Release|Any CPU
		{FE24B26D-AC63-4208-82C0-ED7CFC1AF189}.Release|Any CPU.Build.0 = Release|Any CPU
		{2BEF5EE3-8148-41F0-ADD6-A0FEB84B21EB}.Debug|Any CPU.ActiveCfg = Debug|Any CPU
		{2BEF5EE3-8148-41F0-ADD6-A0FEB84B21EB}.Debug|Any CPU.Build.0 = Debug|Any CPU
		{2BEF5EE3-8148-41F0-ADD6-A0FEB84B21EB}.Release|Any CPU.ActiveCfg = Release|Any CPU
		{2BEF5EE3-8148-41F0-ADD6-A0FEB84B21EB}.Release|Any CPU.Build.0 = Release|Any CPU
		{45CC4EC2-03E8-45E5-ADFE-4C2863E9777B}.Debug|Any CPU.ActiveCfg = Debug|Any CPU
		{45CC4EC2-03E8-45E5-ADFE-4C2863E9777B}.Debug|Any CPU.Build.0 = Debug|Any CPU
		{45CC4EC2-03E8-45E5-ADFE-4C2863E9777B}.Release|Any CPU.ActiveCfg = Release|Any CPU
		{45CC4EC2-03E8-45E5-ADFE-4C2863E9777B}.Release|Any CPU.Build.0 = Release|Any CPU
		{F71E9EF3-412F-46A2-903F-E9919C6A1327}.Debug|Any CPU.ActiveCfg = Debug|Any CPU
		{F71E9EF3-412F-46A2-903F-E9919C6A1327}.Debug|Any CPU.Build.0 = Debug|Any CPU
		{F71E9EF3-412F-46A2-903F-E9919C6A1327}.Release|Any CPU.ActiveCfg = Release|Any CPU
		{F71E9EF3-412F-46A2-903F-E9919C6A1327}.Release|Any CPU.Build.0 = Release|Any CPU
		{081EE86E-EE3C-49A1-BA62-3F24255273EC}.Debug|Any CPU.ActiveCfg = Debug|Any CPU
		{081EE86E-EE3C-49A1-BA62-3F24255273EC}.Debug|Any CPU.Build.0 = Debug|Any CPU
		{081EE86E-EE3C-49A1-BA62-3F24255273EC}.Release|Any CPU.ActiveCfg = Release|Any CPU
		{081EE86E-EE3C-49A1-BA62-3F24255273EC}.Release|Any CPU.Build.0 = Release|Any CPU
		{FA08CD7B-9BC4-407C-9126-08AEB8ED765A}.Debug|Any CPU.ActiveCfg = Debug|Any CPU
		{FA08CD7B-9BC4-407C-9126-08AEB8ED765A}.Debug|Any CPU.Build.0 = Debug|Any CPU
		{FA08CD7B-9BC4-407C-9126-08AEB8ED765A}.Release|Any CPU.ActiveCfg = Release|Any CPU
		{FA08CD7B-9BC4-407C-9126-08AEB8ED765A}.Release|Any CPU.Build.0 = Release|Any CPU
		{7A4EA4CD-8796-48EB-ACD1-ADAE29228065}.Debug|Any CPU.ActiveCfg = Debug|Any CPU
		{7A4EA4CD-8796-48EB-ACD1-ADAE29228065}.Debug|Any CPU.Build.0 = Debug|Any CPU
		{7A4EA4CD-8796-48EB-ACD1-ADAE29228065}.Release|Any CPU.ActiveCfg = Release|Any CPU
		{7A4EA4CD-8796-48EB-ACD1-ADAE29228065}.Release|Any CPU.Build.0 = Release|Any CPU
		{431CE13C-FA5D-46F3-88FB-3DF48D3B0763}.Debug|Any CPU.ActiveCfg = Debug|Any CPU
		{431CE13C-FA5D-46F3-88FB-3DF48D3B0763}.Debug|Any CPU.Build.0 = Debug|Any CPU
		{431CE13C-FA5D-46F3-88FB-3DF48D3B0763}.Release|Any CPU.ActiveCfg = Release|Any CPU
		{431CE13C-FA5D-46F3-88FB-3DF48D3B0763}.Release|Any CPU.Build.0 = Release|Any CPU
		{CE4FA236-CFA9-4A4A-B02E-7E9E3574687B}.Debug|Any CPU.ActiveCfg = Debug|Any CPU
		{CE4FA236-CFA9-4A4A-B02E-7E9E3574687B}.Debug|Any CPU.Build.0 = Debug|Any CPU
		{CE4FA236-CFA9-4A4A-B02E-7E9E3574687B}.Release|Any CPU.ActiveCfg = Release|Any CPU
		{CE4FA236-CFA9-4A4A-B02E-7E9E3574687B}.Release|Any CPU.Build.0 = Release|Any CPU
	EndGlobalSection
	GlobalSection(SolutionProperties) = preSolution
		HideSolutionNode = FALSE
	EndGlobalSection
EndGlobal
