
Microsoft Visual Studio Solution File, Format Version 12.00
# Visual Studio 2012
Project("{FAE04EC0-301F-11D3-BF4B-00C04F79EFBC}") = "01.PrintOddLines", "01.PrintOddLines\01.PrintOddLines.csproj", "{639ADAD8-DEAA-47DF-B080-DE0045479342}"
EndProject
Project("{FAE04EC0-301F-11D3-BF4B-00C04F79EFBC}") = "02.ConcatenateTwoTextFiles", "02.ConcatenateTwoTextFiles\02.ConcatenateTwoTextFiles.csproj", "{9A6A2CE7-2402-4C7E-B2C1-F1BA2481F020}"
EndProject
Project("{FAE04EC0-301F-11D3-BF4B-00C04F79EFBC}") = "03.InsertLineNumbers", "03.InsertLineNumbers\03.InsertLineNumbers.csproj", "{D9CD82F3-8450-44EF-B808-7BF6474BB592}"
EndProject
Project("{FAE04EC0-301F-11D3-BF4B-00C04F79EFBC}") = "04.CompareTwoTextFilesLineByLine", "04.CompareTwoTextFilesLineByLine\04.CompareTwoTextFilesLineByLine.csproj", "{CAEEC950-ED54-4DD2-8CD7-0DF8AF9D33B6}"
EndProject
Project("{FAE04EC0-301F-11D3-BF4B-00C04F79EFBC}") = "05.MatrixInTextFileFindMaxSum2x2", "05.MatrixInTextFileFindMaxSum2x2\05.MatrixInTextFileFindMaxSum2x2.csproj", "{B3FDB49D-DB9D-48F6-94F9-B03C611D58B0}"
EndProject
Project("{FAE04EC0-301F-11D3-BF4B-00C04F79EFBC}") = "06.SortListOfStrings", "06.SortListOfStrings\06.SortListOfStrings.csproj", "{6D33D11B-81C0-4AC1-ABD6-7EC54067A363}"
EndProject
Project("{FAE04EC0-301F-11D3-BF4B-00C04F79EFBC}") = "07,08.ReplaceStartWithFinish", "07.ReplaceStartWithFinish\07,08.ReplaceStartWithFinish.csproj", "{EA33F859-4AEC-4EC1-9A52-D71E37E39981}"
EndProject
Project("{FAE04EC0-301F-11D3-BF4B-00C04F79EFBC}") = "09.DeleteAllOddLinesOrJustReadAllEvenLines", "09.DeleteAllOddLinesOrReadAllEvenLines\09.DeleteAllOddLinesOrJustReadAllEvenLines.csproj", "{A8E84E27-0410-4720-9992-AFBBB045BD67}"
EndProject
Project("{FAE04EC0-301F-11D3-BF4B-00C04F79EFBC}") = "10.ExtractAllTheTextInXmlFileWithoutTheTags", "10.ExtractAllTheTextInXmlFileWithoutTheTags\10.ExtractAllTheTextInXmlFileWithoutTheTags.csproj", "{B79B4D27-9887-4BEB-870C-D8B38233C0BA}"
EndProject
Project("{FAE04EC0-301F-11D3-BF4B-00C04F79EFBC}") = "11.DeleteWordsStartingWithGivenPrefix", "11.DeleteWordsStartingWithGivenPrefix\11.DeleteWordsStartingWithGivenPrefix.csproj", "{6320E733-C736-4925-B233-B0A08AE60254}"
EndProject
Project("{FAE04EC0-301F-11D3-BF4B-00C04F79EFBC}") = "12.RemoveWordsFromFile", "12.RemoveWordsFromFile\12.RemoveWordsFromFile.csproj", "{FE6D3245-4F48-4B37-A4B3-71ADC5A48002}"
EndProject
Project("{FAE04EC0-301F-11D3-BF4B-00C04F79EFBC}") = "13.CountWords", "13.CountWords\13.CountWords.csproj", "{606D074D-00E2-4D03-9E3E-34C26D79AA00}"
EndProject
Global
	GlobalSection(SolutionConfigurationPlatforms) = preSolution
		Debug|Any CPU = Debug|Any CPU
		Release|Any CPU = Release|Any CPU
	EndGlobalSection
	GlobalSection(ProjectConfigurationPlatforms) = postSolution
		{639ADAD8-DEAA-47DF-B080-DE0045479342}.Debug|Any CPU.ActiveCfg = Debug|Any CPU
		{639ADAD8-DEAA-47DF-B080-DE0045479342}.Debug|Any CPU.Build.0 = Debug|Any CPU
		{639ADAD8-DEAA-47DF-B080-DE0045479342}.Release|Any CPU.ActiveCfg = Release|Any CPU
		{639ADAD8-DEAA-47DF-B080-DE0045479342}.Release|Any CPU.Build.0 = Release|Any CPU
		{9A6A2CE7-2402-4C7E-B2C1-F1BA2481F020}.Debug|Any CPU.ActiveCfg = Debug|Any CPU
		{9A6A2CE7-2402-4C7E-B2C1-F1BA2481F020}.Debug|Any CPU.Build.0 = Debug|Any CPU
		{9A6A2CE7-2402-4C7E-B2C1-F1BA2481F020}.Release|Any CPU.ActiveCfg = Release|Any CPU
		{9A6A2CE7-2402-4C7E-B2C1-F1BA2481F020}.Release|Any CPU.Build.0 = Release|Any CPU
		{D9CD82F3-8450-44EF-B808-7BF6474BB592}.Debug|Any CPU.ActiveCfg = Debug|Any CPU
		{D9CD82F3-8450-44EF-B808-7BF6474BB592}.Debug|Any CPU.Build.0 = Debug|Any CPU
		{D9CD82F3-8450-44EF-B808-7BF6474BB592}.Release|Any CPU.ActiveCfg = Release|Any CPU
		{D9CD82F3-8450-44EF-B808-7BF6474BB592}.Release|Any CPU.Build.0 = Release|Any CPU
		{CAEEC950-ED54-4DD2-8CD7-0DF8AF9D33B6}.Debug|Any CPU.ActiveCfg = Debug|Any CPU
		{CAEEC950-ED54-4DD2-8CD7-0DF8AF9D33B6}.Debug|Any CPU.Build.0 = Debug|Any CPU
		{CAEEC950-ED54-4DD2-8CD7-0DF8AF9D33B6}.Release|Any CPU.ActiveCfg = Release|Any CPU
		{CAEEC950-ED54-4DD2-8CD7-0DF8AF9D33B6}.Release|Any CPU.Build.0 = Release|Any CPU
		{B3FDB49D-DB9D-48F6-94F9-B03C611D58B0}.Debug|Any CPU.ActiveCfg = Debug|Any CPU
		{B3FDB49D-DB9D-48F6-94F9-B03C611D58B0}.Debug|Any CPU.Build.0 = Debug|Any CPU
		{B3FDB49D-DB9D-48F6-94F9-B03C611D58B0}.Release|Any CPU.ActiveCfg = Release|Any CPU
		{B3FDB49D-DB9D-48F6-94F9-B03C611D58B0}.Release|Any CPU.Build.0 = Release|Any CPU
		{6D33D11B-81C0-4AC1-ABD6-7EC54067A363}.Debug|Any CPU.ActiveCfg = Debug|Any CPU
		{6D33D11B-81C0-4AC1-ABD6-7EC54067A363}.Debug|Any CPU.Build.0 = Debug|Any CPU
		{6D33D11B-81C0-4AC1-ABD6-7EC54067A363}.Release|Any CPU.ActiveCfg = Release|Any CPU
		{6D33D11B-81C0-4AC1-ABD6-7EC54067A363}.Release|Any CPU.Build.0 = Release|Any CPU
		{EA33F859-4AEC-4EC1-9A52-D71E37E39981}.Debug|Any CPU.ActiveCfg = Debug|Any CPU
		{EA33F859-4AEC-4EC1-9A52-D71E37E39981}.Debug|Any CPU.Build.0 = Debug|Any CPU
		{EA33F859-4AEC-4EC1-9A52-D71E37E39981}.Release|Any CPU.ActiveCfg = Release|Any CPU
		{EA33F859-4AEC-4EC1-9A52-D71E37E39981}.Release|Any CPU.Build.0 = Release|Any CPU
		{A8E84E27-0410-4720-9992-AFBBB045BD67}.Debug|Any CPU.ActiveCfg = Debug|Any CPU
		{A8E84E27-0410-4720-9992-AFBBB045BD67}.Debug|Any CPU.Build.0 = Debug|Any CPU
		{A8E84E27-0410-4720-9992-AFBBB045BD67}.Release|Any CPU.ActiveCfg = Release|Any CPU
		{A8E84E27-0410-4720-9992-AFBBB045BD67}.Release|Any CPU.Build.0 = Release|Any CPU
		{B79B4D27-9887-4BEB-870C-D8B38233C0BA}.Debug|Any CPU.ActiveCfg = Debug|Any CPU
		{B79B4D27-9887-4BEB-870C-D8B38233C0BA}.Debug|Any CPU.Build.0 = Debug|Any CPU
		{B79B4D27-9887-4BEB-870C-D8B38233C0BA}.Release|Any CPU.ActiveCfg = Release|Any CPU
		{B79B4D27-9887-4BEB-870C-D8B38233C0BA}.Release|Any CPU.Build.0 = Release|Any CPU
		{6320E733-C736-4925-B233-B0A08AE60254}.Debug|Any CPU.ActiveCfg = Debug|Any CPU
		{6320E733-C736-4925-B233-B0A08AE60254}.Debug|Any CPU.Build.0 = Debug|Any CPU
		{6320E733-C736-4925-B233-B0A08AE60254}.Release|Any CPU.ActiveCfg = Release|Any CPU
		{6320E733-C736-4925-B233-B0A08AE60254}.Release|Any CPU.Build.0 = Release|Any CPU
		{FE6D3245-4F48-4B37-A4B3-71ADC5A48002}.Debug|Any CPU.ActiveCfg = Debug|Any CPU
		{FE6D3245-4F48-4B37-A4B3-71ADC5A48002}.Debug|Any CPU.Build.0 = Debug|Any CPU
		{FE6D3245-4F48-4B37-A4B3-71ADC5A48002}.Release|Any CPU.ActiveCfg = Release|Any CPU
		{FE6D3245-4F48-4B37-A4B3-71ADC5A48002}.Release|Any CPU.Build.0 = Release|Any CPU
		{606D074D-00E2-4D03-9E3E-34C26D79AA00}.Debug|Any CPU.ActiveCfg = Debug|Any CPU
		{606D074D-00E2-4D03-9E3E-34C26D79AA00}.Debug|Any CPU.Build.0 = Debug|Any CPU
		{606D074D-00E2-4D03-9E3E-34C26D79AA00}.Release|Any CPU.ActiveCfg = Release|Any CPU
		{606D074D-00E2-4D03-9E3E-34C26D79AA00}.Release|Any CPU.Build.0 = Release|Any CPU
	EndGlobalSection
	GlobalSection(SolutionProperties) = preSolution
		HideSolutionNode = FALSE
	EndGlobalSection
EndGlobal
