
Microsoft Visual Studio Solution File, Format Version 12.00
# Visual Studio 2013
VisualStudioVersion = 12.0.21005.1
MinimumVisualStudioVersion = 10.0.40219.1
Project("{FAE04EC0-301F-11D3-BF4B-00C04F79EFBC}") = "01.GenerateDivs", "01.GenerateDivs\01.GenerateDivs.csproj", "{128CDFC9-1768-4012-9F28-3D0EA0432FF2}"
EndProject
Project("{FAE04EC0-301F-11D3-BF4B-00C04F79EFBC}") = "02.CreateDivsMovingInCircularPath", "02.CreateDivsMovingInCircularPath\02.CreateDivsMovingInCircularPath.csproj", "{6A321C32-28C7-4CB4-A156-E1A786C68D8A}"
EndProject
Project("{FAE04EC0-301F-11D3-BF4B-00C04F79EFBC}") = "03.ChangeTextAreaStyle", "03.ChangeTextAreaStyle\03.ChangeTextAreaStyle.csproj", "{885169B5-D3CE-49D6-B5F0-DBEF495623FC}"
EndProject
Project("{FAE04EC0-301F-11D3-BF4B-00C04F79EFBC}") = "04.GenerateTagsFontSize", "04.GenerateTagsFontSize\04.GenerateTagsFontSize.csproj", "{3D7CE45F-13A5-4D23-AF08-1E55B55D7E58}"
EndProject
Project("{FAE04EC0-301F-11D3-BF4B-00C04F79EFBC}") = "05.TreeViewComponents", "05.TreeViewComponents\05.TreeViewComponents.csproj", "{61C64ED1-23D3-4BA5-9AD1-329B55217423}"
EndProject
Global
	GlobalSection(SolutionConfigurationPlatforms) = preSolution
		Debug|Any CPU = Debug|Any CPU
		Release|Any CPU = Release|Any CPU
	EndGlobalSection
	GlobalSection(ProjectConfigurationPlatforms) = postSolution
		{128CDFC9-1768-4012-9F28-3D0EA0432FF2}.Debug|Any CPU.ActiveCfg = Debug|Any CPU
		{128CDFC9-1768-4012-9F28-3D0EA0432FF2}.Debug|Any CPU.Build.0 = Debug|Any CPU
		{128CDFC9-1768-4012-9F28-3D0EA0432FF2}.Release|Any CPU.ActiveCfg = Release|Any CPU
		{128CDFC9-1768-4012-9F28-3D0EA0432FF2}.Release|Any CPU.Build.0 = Release|Any CPU
		{6A321C32-28C7-4CB4-A156-E1A786C68D8A}.Debug|Any CPU.ActiveCfg = Debug|Any CPU
		{6A321C32-28C7-4CB4-A156-E1A786C68D8A}.Debug|Any CPU.Build.0 = Debug|Any CPU
		{6A321C32-28C7-4CB4-A156-E1A786C68D8A}.Release|Any CPU.ActiveCfg = Release|Any CPU
		{6A321C32-28C7-4CB4-A156-E1A786C68D8A}.Release|Any CPU.Build.0 = Release|Any CPU
		{885169B5-D3CE-49D6-B5F0-DBEF495623FC}.Debug|Any CPU.ActiveCfg = Debug|Any CPU
		{885169B5-D3CE-49D6-B5F0-DBEF495623FC}.Debug|Any CPU.Build.0 = Debug|Any CPU
		{885169B5-D3CE-49D6-B5F0-DBEF495623FC}.Release|Any CPU.ActiveCfg = Release|Any CPU
		{885169B5-D3CE-49D6-B5F0-DBEF495623FC}.Release|Any CPU.Build.0 = Release|Any CPU
		{3D7CE45F-13A5-4D23-AF08-1E55B55D7E58}.Debug|Any CPU.ActiveCfg = Debug|Any CPU
		{3D7CE45F-13A5-4D23-AF08-1E55B55D7E58}.Debug|Any CPU.Build.0 = Debug|Any CPU
		{3D7CE45F-13A5-4D23-AF08-1E55B55D7E58}.Release|Any CPU.ActiveCfg = Release|Any CPU
		{3D7CE45F-13A5-4D23-AF08-1E55B55D7E58}.Release|Any CPU.Build.0 = Release|Any CPU
		{61C64ED1-23D3-4BA5-9AD1-329B55217423}.Debug|Any CPU.ActiveCfg = Debug|Any CPU
		{61C64ED1-23D3-4BA5-9AD1-329B55217423}.Debug|Any CPU.Build.0 = Debug|Any CPU
		{61C64ED1-23D3-4BA5-9AD1-329B55217423}.Release|Any CPU.ActiveCfg = Release|Any CPU
		{61C64ED1-23D3-4BA5-9AD1-329B55217423}.Release|Any CPU.Build.0 = Release|Any CPU
	EndGlobalSection
	GlobalSection(SolutionProperties) = preSolution
		HideSolutionNode = FALSE
	EndGlobalSection
EndGlobal
