
Microsoft Visual Studio Solution File, Format Version 12.00
# Visual Studio 2012
Project("{FAE04EC0-301F-11D3-BF4B-00C04F79EFBC}") = "01.CheckSquareRoot", "01.CheckSquareRoot\01.CheckSquareRoot.csproj", "{7DDE72E7-4895-4848-9204-8CBD4B885802}"
EndProject
Project("{FAE04EC0-301F-11D3-BF4B-00C04F79EFBC}") = "02.CheckNumberInGivenRange", "02.CheckNumberInGivenRange\02.CheckNumberInGivenRange.csproj", "{9EBFF2AD-D7BB-4FF3-921D-03EA16DE703F}"
EndProject
Project("{FAE04EC0-301F-11D3-BF4B-00C04F79EFBC}") = "03.ReadingFile", "03.ReadingFile\03.ReadingFile.csproj", "{C539AD40-6D95-4F29-B655-3138DF75BFEB}"
EndProject
Project("{FAE04EC0-301F-11D3-BF4B-00C04F79EFBC}") = "04.DownloadFile", "04.DownloadFile\04.DownloadFile.csproj", "{2C0E3C07-0F32-45F8-92F5-848292A0310A}"
EndProject
Global
	GlobalSection(SolutionConfigurationPlatforms) = preSolution
		Debug|Any CPU = Debug|Any CPU
		Release|Any CPU = Release|Any CPU
	EndGlobalSection
	GlobalSection(ProjectConfigurationPlatforms) = postSolution
		{7DDE72E7-4895-4848-9204-8CBD4B885802}.Debug|Any CPU.ActiveCfg = Debug|Any CPU
		{7DDE72E7-4895-4848-9204-8CBD4B885802}.Debug|Any CPU.Build.0 = Debug|Any CPU
		{7DDE72E7-4895-4848-9204-8CBD4B885802}.Release|Any CPU.ActiveCfg = Release|Any CPU
		{7DDE72E7-4895-4848-9204-8CBD4B885802}.Release|Any CPU.Build.0 = Release|Any CPU
		{9EBFF2AD-D7BB-4FF3-921D-03EA16DE703F}.Debug|Any CPU.ActiveCfg = Debug|Any CPU
		{9EBFF2AD-D7BB-4FF3-921D-03EA16DE703F}.Debug|Any CPU.Build.0 = Debug|Any CPU
		{9EBFF2AD-D7BB-4FF3-921D-03EA16DE703F}.Release|Any CPU.ActiveCfg = Release|Any CPU
		{9EBFF2AD-D7BB-4FF3-921D-03EA16DE703F}.Release|Any CPU.Build.0 = Release|Any CPU
		{C539AD40-6D95-4F29-B655-3138DF75BFEB}.Debug|Any CPU.ActiveCfg = Debug|Any CPU
		{C539AD40-6D95-4F29-B655-3138DF75BFEB}.Debug|Any CPU.Build.0 = Debug|Any CPU
		{C539AD40-6D95-4F29-B655-3138DF75BFEB}.Release|Any CPU.ActiveCfg = Release|Any CPU
		{C539AD40-6D95-4F29-B655-3138DF75BFEB}.Release|Any CPU.Build.0 = Release|Any CPU
		{2C0E3C07-0F32-45F8-92F5-848292A0310A}.Debug|Any CPU.ActiveCfg = Debug|Any CPU
		{2C0E3C07-0F32-45F8-92F5-848292A0310A}.Debug|Any CPU.Build.0 = Debug|Any CPU
		{2C0E3C07-0F32-45F8-92F5-848292A0310A}.Release|Any CPU.ActiveCfg = Release|Any CPU
		{2C0E3C07-0F32-45F8-92F5-848292A0310A}.Release|Any CPU.Build.0 = Release|Any CPU
	EndGlobalSection
	GlobalSection(SolutionProperties) = preSolution
		HideSolutionNode = FALSE
	EndGlobalSection
EndGlobal
