
Microsoft Visual Studio Solution File, Format Version 12.00
# Visual Studio 2013
VisualStudioVersion = 12.0.30501.0
MinimumVisualStudioVersion = 10.0.40219.1
Project("{FAE04EC0-301F-11D3-BF4B-00C04F79EFBC}") = "BookStore.Models", "BookStore.Models\BookStore.Models.csproj", "{13CDC15A-E41D-466F-B8EC-1781D57F7DE2}"
EndProject
Project("{FAE04EC0-301F-11D3-BF4B-00C04F79EFBC}") = "BookStore.Data", "BookStore.Data\BookStore.Data.csproj", "{7FD0897A-01F5-4486-8275-909932DA7C65}"
EndProject
Project("{FAE04EC0-301F-11D3-BF4B-00C04F79EFBC}") = "BookStore.Importer", "BookStore.Importer\BookStore.Importer.csproj", "{91695E1A-1428-4EB5-84E5-562F3BFFF02E}"
EndProject
Global
	GlobalSection(SolutionConfigurationPlatforms) = preSolution
		Debug|Any CPU = Debug|Any CPU
		Release|Any CPU = Release|Any CPU
	EndGlobalSection
	GlobalSection(ProjectConfigurationPlatforms) = postSolution
		{13CDC15A-E41D-466F-B8EC-1781D57F7DE2}.Debug|Any CPU.ActiveCfg = Debug|Any CPU
		{13CDC15A-E41D-466F-B8EC-1781D57F7DE2}.Debug|Any CPU.Build.0 = Debug|Any CPU
		{13CDC15A-E41D-466F-B8EC-1781D57F7DE2}.Release|Any CPU.ActiveCfg = Release|Any CPU
		{13CDC15A-E41D-466F-B8EC-1781D57F7DE2}.Release|Any CPU.Build.0 = Release|Any CPU
		{7FD0897A-01F5-4486-8275-909932DA7C65}.Debug|Any CPU.ActiveCfg = Debug|Any CPU
		{7FD0897A-01F5-4486-8275-909932DA7C65}.Debug|Any CPU.Build.0 = Debug|Any CPU
		{7FD0897A-01F5-4486-8275-909932DA7C65}.Release|Any CPU.ActiveCfg = Release|Any CPU
		{7FD0897A-01F5-4486-8275-909932DA7C65}.Release|Any CPU.Build.0 = Release|Any CPU
		{91695E1A-1428-4EB5-84E5-562F3BFFF02E}.Debug|Any CPU.ActiveCfg = Debug|Any CPU
		{91695E1A-1428-4EB5-84E5-562F3BFFF02E}.Debug|Any CPU.Build.0 = Debug|Any CPU
		{91695E1A-1428-4EB5-84E5-562F3BFFF02E}.Release|Any CPU.ActiveCfg = Release|Any CPU
		{91695E1A-1428-4EB5-84E5-562F3BFFF02E}.Release|Any CPU.Build.0 = Release|Any CPU
	EndGlobalSection
	GlobalSection(SolutionProperties) = preSolution
		HideSolutionNode = FALSE
	EndGlobalSection
EndGlobal
