
Microsoft Visual Studio Solution File, Format Version 12.00
# Visual Studio 2013
VisualStudioVersion = 12.0.21005.1
MinimumVisualStudioVersion = 10.0.40219.1
Project("{FAE04EC0-301F-11D3-BF4B-00C04F79EFBC}") = "TaskOne", "TaskOne\TaskOne.csproj", "{04170D07-35A9-429B-88FC-98FFA734C6D1}"
EndProject
Project("{FAE04EC0-301F-11D3-BF4B-00C04F79EFBC}") = "TaskTwo", "TaskTwo\TaskTwo.csproj", "{1FF6822B-E235-4708-B033-0B5FB395F121}"
EndProject
Global
	GlobalSection(SolutionConfigurationPlatforms) = preSolution
		Debug|Any CPU = Debug|Any CPU
		Release|Any CPU = Release|Any CPU
	EndGlobalSection
	GlobalSection(ProjectConfigurationPlatforms) = postSolution
		{04170D07-35A9-429B-88FC-98FFA734C6D1}.Debug|Any CPU.ActiveCfg = Debug|Any CPU
		{04170D07-35A9-429B-88FC-98FFA734C6D1}.Debug|Any CPU.Build.0 = Debug|Any CPU
		{04170D07-35A9-429B-88FC-98FFA734C6D1}.Release|Any CPU.ActiveCfg = Release|Any CPU
		{04170D07-35A9-429B-88FC-98FFA734C6D1}.Release|Any CPU.Build.0 = Release|Any CPU
		{1FF6822B-E235-4708-B033-0B5FB395F121}.Debug|Any CPU.ActiveCfg = Debug|Any CPU
		{1FF6822B-E235-4708-B033-0B5FB395F121}.Debug|Any CPU.Build.0 = Debug|Any CPU
		{1FF6822B-E235-4708-B033-0B5FB395F121}.Release|Any CPU.ActiveCfg = Release|Any CPU
		{1FF6822B-E235-4708-B033-0B5FB395F121}.Release|Any CPU.Build.0 = Release|Any CPU
	EndGlobalSection
	GlobalSection(SolutionProperties) = preSolution
		HideSolutionNode = FALSE
	EndGlobalSection
EndGlobal
