
Microsoft Visual Studio Solution File, Format Version 12.00
# Visual Studio 2013
VisualStudioVersion = 12.0.30501.0
MinimumVisualStudioVersion = 10.0.40219.1
Project("{FAE04EC0-301F-11D3-BF4B-00C04F79EFBC}") = "01.FindTreeComponents", "01.FindTreeComponents\01.FindTreeComponents.csproj", "{12A86D25-3512-4BDB-B380-F9737465EFF9}"
EndProject
Project("{FAE04EC0-301F-11D3-BF4B-00C04F79EFBC}") = "02.TraverseDirectoryFilesMatchingEXEExtension", "02.TraverseDirectoryFilesMatchingEXEExtension\02.TraverseDirectoryFilesMatchingEXEExtension.csproj", "{5983B6E2-0E56-41D3-ADBE-D2F54B7962B1}"
EndProject
Project("{FAE04EC0-301F-11D3-BF4B-00C04F79EFBC}") = "03.BuildWindowsTree", "03.BuildWindowsTree\03.BuildWindowsTree.csproj", "{83118C49-8304-4A2C-A867-68CF444F6602}"
EndProject
Global
	GlobalSection(SolutionConfigurationPlatforms) = preSolution
		Debug|Any CPU = Debug|Any CPU
		Release|Any CPU = Release|Any CPU
	EndGlobalSection
	GlobalSection(ProjectConfigurationPlatforms) = postSolution
		{12A86D25-3512-4BDB-B380-F9737465EFF9}.Debug|Any CPU.ActiveCfg = Debug|Any CPU
		{12A86D25-3512-4BDB-B380-F9737465EFF9}.Debug|Any CPU.Build.0 = Debug|Any CPU
		{12A86D25-3512-4BDB-B380-F9737465EFF9}.Release|Any CPU.ActiveCfg = Release|Any CPU
		{12A86D25-3512-4BDB-B380-F9737465EFF9}.Release|Any CPU.Build.0 = Release|Any CPU
		{5983B6E2-0E56-41D3-ADBE-D2F54B7962B1}.Debug|Any CPU.ActiveCfg = Debug|Any CPU
		{5983B6E2-0E56-41D3-ADBE-D2F54B7962B1}.Debug|Any CPU.Build.0 = Debug|Any CPU
		{5983B6E2-0E56-41D3-ADBE-D2F54B7962B1}.Release|Any CPU.ActiveCfg = Release|Any CPU
		{5983B6E2-0E56-41D3-ADBE-D2F54B7962B1}.Release|Any CPU.Build.0 = Release|Any CPU
		{83118C49-8304-4A2C-A867-68CF444F6602}.Debug|Any CPU.ActiveCfg = Debug|Any CPU
		{83118C49-8304-4A2C-A867-68CF444F6602}.Debug|Any CPU.Build.0 = Debug|Any CPU
		{83118C49-8304-4A2C-A867-68CF444F6602}.Release|Any CPU.ActiveCfg = Release|Any CPU
		{83118C49-8304-4A2C-A867-68CF444F6602}.Release|Any CPU.Build.0 = Release|Any CPU
	EndGlobalSection
	GlobalSection(SolutionProperties) = preSolution
		HideSolutionNode = FALSE
	EndGlobalSection
EndGlobal
