
Microsoft Visual Studio Solution File, Format Version 12.00
# Visual Studio 2012
Project("{FAE04EC0-301F-11D3-BF4B-00C04F79EFBC}") = "01.MultiCommunication", "01.MultiCommunication\01.MultiCommunication.csproj", "{E117728A-2E95-4568-95B3-AC5B75EB7D51}"
EndProject
Project("{FAE04EC0-301F-11D3-BF4B-00C04F79EFBC}") = "01.KaspichanNumbers", "01.KaspichanNumbers\01.KaspichanNumbers.csproj", "{4FC8A968-B6E5-4C8A-BDD3-7ED21F36023A}"
EndProject
Project("{FAE04EC0-301F-11D3-BF4B-00C04F79EFBC}") = "01.DurankulakNumbers", "01.DurankulakNumbers\01.DurankulakNumbers.csproj", "{BC647508-D4BC-4A57-8858-3EC382737302}"
EndProject
Project("{FAE04EC0-301F-11D3-BF4B-00C04F79EFBC}") = "01.9gagNumbers", "01.9gagNumbers\01.9gagNumbers.csproj", "{65837061-0E32-4741-B908-11A9779FAE6E}"
EndProject
Project("{FAE04EC0-301F-11D3-BF4B-00C04F79EFBC}") = "01.Zerg", "01.Zerg\01.Zerg.csproj", "{360722AD-C6F4-4DAA-83B1-B05163C942CB}"
EndProject
Project("{FAE04EC0-301F-11D3-BF4B-00C04F79EFBC}") = "02.MovingLetters", "02.MovingLetters\02.MovingLetters.csproj", "{FD13E752-9A50-4AE8-B49C-8826AEC24692}"
EndProject
Project("{FAE04EC0-301F-11D3-BF4B-00C04F79EFBC}") = "02.GreedyDwarf", "02.GreedyDwarf\02.GreedyDwarf.csproj", "{FF4C7955-B5D9-4695-A551-37C847534AE9}"
EndProject
Project("{FAE04EC0-301F-11D3-BF4B-00C04F79EFBC}") = "02.SpecialValue", "02.SpecialValue\02.SpecialValue.csproj", "{B86BC09C-1D49-4B98-BEAF-24DABFEADF4A}"
EndProject
Project("{FAE04EC0-301F-11D3-BF4B-00C04F79EFBC}") = "03.Tubes", "03.Tubes\03.Tubes.csproj", "{E7F483CD-03E8-4305-8044-4862C4B0E098}"
EndProject
Project("{FAE04EC0-301F-11D3-BF4B-00C04F79EFBC}") = "03.Indices", "03.Indices\03.Indices.csproj", "{47861AF2-8239-478C-8249-F4DDF8161CAC}"
EndProject
Project("{FAE04EC0-301F-11D3-BF4B-00C04F79EFBC}") = "01.Basic", "01.Basic\01.Basic.csproj", "{72F310B0-388C-4737-9882-A46A62C9C924}"
EndProject
Project("{FAE04EC0-301F-11D3-BF4B-00C04F79EFBC}") = "02.JoroTheRabbit", "02.JoroTheRabbit\02.JoroTheRabbit.csproj", "{A43C80FD-C834-47F5-85CA-DAB9B2251060}"
EndProject
Project("{FAE04EC0-301F-11D3-BF4B-00C04F79EFBC}") = "04.FTML", "04.FTML\04.FTML.csproj", "{584E02A0-4FA7-4522-8E87-51315B634786}"
EndProject
Project("{FAE04EC0-301F-11D3-BF4B-00C04F79EFBC}") = "05ThreeInOne", "05ThreeInOne\05ThreeInOne.csproj", "{E6F62F07-A15B-4C66-A8EA-823DC1772A21}"
EndProject
Project("{FAE04EC0-301F-11D3-BF4B-00C04F79EFBC}") = "05.TwoIsBetterThanOne", "05.TwoIsBetterThanOne\05.TwoIsBetterThanOne.csproj", "{49DA530E-57DB-4538-BA55-73F2125F8CA9}"
EndProject
Project("{FAE04EC0-301F-11D3-BF4B-00C04F79EFBC}") = "03.Slides", "03.Slides\03.Slides.csproj", "{337FC9CC-4F81-4E4C-85C1-EDA7F4B68213}"
EndProject
Project("{FAE04EC0-301F-11D3-BF4B-00C04F79EFBC}") = "04.BombingCuboids", "04.BombingCuboids\04.BombingCuboids.csproj", "{FCA47EB7-024C-4801-B819-21AE437ADA1E}"
EndProject
Project("{FAE04EC0-301F-11D3-BF4B-00C04F79EFBC}") = "03.Employees", "03.Employees\03.Employees.csproj", "{C4469C7E-7D0B-4C7A-AD41-ABDABCF15D41}"
EndProject
Project("{FAE04EC0-301F-11D3-BF4B-00C04F79EFBC}") = "04.Stars3D", "04.Stars3D\04.Stars3D.csproj", "{36F830B5-6665-4C95-B39C-1186BA3CA7F0}"
EndProject
Project("{FAE04EC0-301F-11D3-BF4B-00C04F79EFBC}") = "04.EncodeAndEncrypt", "04.EncodeAndEncrypt\04.EncodeAndEncrypt.csproj", "{A0B83CCF-C1A0-4F31-9492-86FF3CA23101}"
EndProject
Project("{FAE04EC0-301F-11D3-BF4B-00C04F79EFBC}") = "04.Lines3D", "04.Lines3D\04.Lines3D.csproj", "{DF8B7C38-4408-4964-8157-0356FE06ED76}"
EndProject
Global
	GlobalSection(SolutionConfigurationPlatforms) = preSolution
		Debug|Any CPU = Debug|Any CPU
		Release|Any CPU = Release|Any CPU
	EndGlobalSection
	GlobalSection(ProjectConfigurationPlatforms) = postSolution
		{E117728A-2E95-4568-95B3-AC5B75EB7D51}.Debug|Any CPU.ActiveCfg = Debug|Any CPU
		{E117728A-2E95-4568-95B3-AC5B75EB7D51}.Debug|Any CPU.Build.0 = Debug|Any CPU
		{E117728A-2E95-4568-95B3-AC5B75EB7D51}.Release|Any CPU.ActiveCfg = Release|Any CPU
		{E117728A-2E95-4568-95B3-AC5B75EB7D51}.Release|Any CPU.Build.0 = Release|Any CPU
		{4FC8A968-B6E5-4C8A-BDD3-7ED21F36023A}.Debug|Any CPU.ActiveCfg = Debug|Any CPU
		{4FC8A968-B6E5-4C8A-BDD3-7ED21F36023A}.Debug|Any CPU.Build.0 = Debug|Any CPU
		{4FC8A968-B6E5-4C8A-BDD3-7ED21F36023A}.Release|Any CPU.ActiveCfg = Release|Any CPU
		{4FC8A968-B6E5-4C8A-BDD3-7ED21F36023A}.Release|Any CPU.Build.0 = Release|Any CPU
		{BC647508-D4BC-4A57-8858-3EC382737302}.Debug|Any CPU.ActiveCfg = Debug|Any CPU
		{BC647508-D4BC-4A57-8858-3EC382737302}.Debug|Any CPU.Build.0 = Debug|Any CPU
		{BC647508-D4BC-4A57-8858-3EC382737302}.Release|Any CPU.ActiveCfg = Release|Any CPU
		{BC647508-D4BC-4A57-8858-3EC382737302}.Release|Any CPU.Build.0 = Release|Any CPU
		{65837061-0E32-4741-B908-11A9779FAE6E}.Debug|Any CPU.ActiveCfg = Debug|Any CPU
		{65837061-0E32-4741-B908-11A9779FAE6E}.Debug|Any CPU.Build.0 = Debug|Any CPU
		{65837061-0E32-4741-B908-11A9779FAE6E}.Release|Any CPU.ActiveCfg = Release|Any CPU
		{65837061-0E32-4741-B908-11A9779FAE6E}.Release|Any CPU.Build.0 = Release|Any CPU
		{360722AD-C6F4-4DAA-83B1-B05163C942CB}.Debug|Any CPU.ActiveCfg = Debug|Any CPU
		{360722AD-C6F4-4DAA-83B1-B05163C942CB}.Debug|Any CPU.Build.0 = Debug|Any CPU
		{360722AD-C6F4-4DAA-83B1-B05163C942CB}.Release|Any CPU.ActiveCfg = Release|Any CPU
		{360722AD-C6F4-4DAA-83B1-B05163C942CB}.Release|Any CPU.Build.0 = Release|Any CPU
		{FD13E752-9A50-4AE8-B49C-8826AEC24692}.Debug|Any CPU.ActiveCfg = Debug|Any CPU
		{FD13E752-9A50-4AE8-B49C-8826AEC24692}.Debug|Any CPU.Build.0 = Debug|Any CPU
		{FD13E752-9A50-4AE8-B49C-8826AEC24692}.Release|Any CPU.ActiveCfg = Release|Any CPU
		{FD13E752-9A50-4AE8-B49C-8826AEC24692}.Release|Any CPU.Build.0 = Release|Any CPU
		{FF4C7955-B5D9-4695-A551-37C847534AE9}.Debug|Any CPU.ActiveCfg = Debug|Any CPU
		{FF4C7955-B5D9-4695-A551-37C847534AE9}.Debug|Any CPU.Build.0 = Debug|Any CPU
		{FF4C7955-B5D9-4695-A551-37C847534AE9}.Release|Any CPU.ActiveCfg = Release|Any CPU
		{FF4C7955-B5D9-4695-A551-37C847534AE9}.Release|Any CPU.Build.0 = Release|Any CPU
		{B86BC09C-1D49-4B98-BEAF-24DABFEADF4A}.Debug|Any CPU.ActiveCfg = Debug|Any CPU
		{B86BC09C-1D49-4B98-BEAF-24DABFEADF4A}.Debug|Any CPU.Build.0 = Debug|Any CPU
		{B86BC09C-1D49-4B98-BEAF-24DABFEADF4A}.Release|Any CPU.ActiveCfg = Release|Any CPU
		{B86BC09C-1D49-4B98-BEAF-24DABFEADF4A}.Release|Any CPU.Build.0 = Release|Any CPU
		{E7F483CD-03E8-4305-8044-4862C4B0E098}.Debug|Any CPU.ActiveCfg = Debug|Any CPU
		{E7F483CD-03E8-4305-8044-4862C4B0E098}.Debug|Any CPU.Build.0 = Debug|Any CPU
		{E7F483CD-03E8-4305-8044-4862C4B0E098}.Release|Any CPU.ActiveCfg = Release|Any CPU
		{E7F483CD-03E8-4305-8044-4862C4B0E098}.Release|Any CPU.Build.0 = Release|Any CPU
		{47861AF2-8239-478C-8249-F4DDF8161CAC}.Debug|Any CPU.ActiveCfg = Debug|Any CPU
		{47861AF2-8239-478C-8249-F4DDF8161CAC}.Debug|Any CPU.Build.0 = Debug|Any CPU
		{47861AF2-8239-478C-8249-F4DDF8161CAC}.Release|Any CPU.ActiveCfg = Release|Any CPU
		{47861AF2-8239-478C-8249-F4DDF8161CAC}.Release|Any CPU.Build.0 = Release|Any CPU
		{72F310B0-388C-4737-9882-A46A62C9C924}.Debug|Any CPU.ActiveCfg = Debug|Any CPU
		{72F310B0-388C-4737-9882-A46A62C9C924}.Debug|Any CPU.Build.0 = Debug|Any CPU
		{72F310B0-388C-4737-9882-A46A62C9C924}.Release|Any CPU.ActiveCfg = Release|Any CPU
		{72F310B0-388C-4737-9882-A46A62C9C924}.Release|Any CPU.Build.0 = Release|Any CPU
		{A43C80FD-C834-47F5-85CA-DAB9B2251060}.Debug|Any CPU.ActiveCfg = Debug|Any CPU
		{A43C80FD-C834-47F5-85CA-DAB9B2251060}.Debug|Any CPU.Build.0 = Debug|Any CPU
		{A43C80FD-C834-47F5-85CA-DAB9B2251060}.Release|Any CPU.ActiveCfg = Release|Any CPU
		{A43C80FD-C834-47F5-85CA-DAB9B2251060}.Release|Any CPU.Build.0 = Release|Any CPU
		{584E02A0-4FA7-4522-8E87-51315B634786}.Debug|Any CPU.ActiveCfg = Debug|Any CPU
		{584E02A0-4FA7-4522-8E87-51315B634786}.Debug|Any CPU.Build.0 = Debug|Any CPU
		{584E02A0-4FA7-4522-8E87-51315B634786}.Release|Any CPU.ActiveCfg = Release|Any CPU
		{584E02A0-4FA7-4522-8E87-51315B634786}.Release|Any CPU.Build.0 = Release|Any CPU
		{E6F62F07-A15B-4C66-A8EA-823DC1772A21}.Debug|Any CPU.ActiveCfg = Debug|Any CPU
		{E6F62F07-A15B-4C66-A8EA-823DC1772A21}.Debug|Any CPU.Build.0 = Debug|Any CPU
		{E6F62F07-A15B-4C66-A8EA-823DC1772A21}.Release|Any CPU.ActiveCfg = Release|Any CPU
		{E6F62F07-A15B-4C66-A8EA-823DC1772A21}.Release|Any CPU.Build.0 = Release|Any CPU
		{49DA530E-57DB-4538-BA55-73F2125F8CA9}.Debug|Any CPU.ActiveCfg = Debug|Any CPU
		{49DA530E-57DB-4538-BA55-73F2125F8CA9}.Debug|Any CPU.Build.0 = Debug|Any CPU
		{49DA530E-57DB-4538-BA55-73F2125F8CA9}.Release|Any CPU.ActiveCfg = Release|Any CPU
		{49DA530E-57DB-4538-BA55-73F2125F8CA9}.Release|Any CPU.Build.0 = Release|Any CPU
		{337FC9CC-4F81-4E4C-85C1-EDA7F4B68213}.Debug|Any CPU.ActiveCfg = Debug|Any CPU
		{337FC9CC-4F81-4E4C-85C1-EDA7F4B68213}.Debug|Any CPU.Build.0 = Debug|Any CPU
		{337FC9CC-4F81-4E4C-85C1-EDA7F4B68213}.Release|Any CPU.ActiveCfg = Release|Any CPU
		{337FC9CC-4F81-4E4C-85C1-EDA7F4B68213}.Release|Any CPU.Build.0 = Release|Any CPU
		{FCA47EB7-024C-4801-B819-21AE437ADA1E}.Debug|Any CPU.ActiveCfg = Debug|Any CPU
		{FCA47EB7-024C-4801-B819-21AE437ADA1E}.Debug|Any CPU.Build.0 = Debug|Any CPU
		{FCA47EB7-024C-4801-B819-21AE437ADA1E}.Release|Any CPU.ActiveCfg = Release|Any CPU
		{FCA47EB7-024C-4801-B819-21AE437ADA1E}.Release|Any CPU.Build.0 = Release|Any CPU
		{C4469C7E-7D0B-4C7A-AD41-ABDABCF15D41}.Debug|Any CPU.ActiveCfg = Debug|Any CPU
		{C4469C7E-7D0B-4C7A-AD41-ABDABCF15D41}.Debug|Any CPU.Build.0 = Debug|Any CPU
		{C4469C7E-7D0B-4C7A-AD41-ABDABCF15D41}.Release|Any CPU.ActiveCfg = Release|Any CPU
		{C4469C7E-7D0B-4C7A-AD41-ABDABCF15D41}.Release|Any CPU.Build.0 = Release|Any CPU
		{36F830B5-6665-4C95-B39C-1186BA3CA7F0}.Debug|Any CPU.ActiveCfg = Debug|Any CPU
		{36F830B5-6665-4C95-B39C-1186BA3CA7F0}.Debug|Any CPU.Build.0 = Debug|Any CPU
		{36F830B5-6665-4C95-B39C-1186BA3CA7F0}.Release|Any CPU.ActiveCfg = Release|Any CPU
		{36F830B5-6665-4C95-B39C-1186BA3CA7F0}.Release|Any CPU.Build.0 = Release|Any CPU
		{A0B83CCF-C1A0-4F31-9492-86FF3CA23101}.Debug|Any CPU.ActiveCfg = Debug|Any CPU
		{A0B83CCF-C1A0-4F31-9492-86FF3CA23101}.Debug|Any CPU.Build.0 = Debug|Any CPU
		{A0B83CCF-C1A0-4F31-9492-86FF3CA23101}.Release|Any CPU.ActiveCfg = Release|Any CPU
		{A0B83CCF-C1A0-4F31-9492-86FF3CA23101}.Release|Any CPU.Build.0 = Release|Any CPU
		{DF8B7C38-4408-4964-8157-0356FE06ED76}.Debug|Any CPU.ActiveCfg = Debug|Any CPU
		{DF8B7C38-4408-4964-8157-0356FE06ED76}.Debug|Any CPU.Build.0 = Debug|Any CPU
		{DF8B7C38-4408-4964-8157-0356FE06ED76}.Release|Any CPU.ActiveCfg = Release|Any CPU
		{DF8B7C38-4408-4964-8157-0356FE06ED76}.Release|Any CPU.Build.0 = Release|Any CPU
	EndGlobalSection
	GlobalSection(SolutionProperties) = preSolution
		HideSolutionNode = FALSE
	EndGlobalSection
EndGlobal
