
Microsoft Visual Studio Solution File, Format Version 12.00
# Visual Studio 2013
VisualStudioVersion = 12.0.30501.0
MinimumVisualStudioVersion = 10.0.40219.1
Project("{FAE04EC0-301F-11D3-BF4B-00C04F79EFBC}") = "01-03SortingStudents", "01.SortStudentsWhoseFirstNameIsBeforeTheirLastName\01-03SortingStudents.csproj", "{39AFB2FD-E1F7-4CEF-BDF2-3CD974E1892C}"
EndProject
Project("{FAE04EC0-301F-11D3-BF4B-00C04F79EFBC}") = "04-05SortingAnimals", "04-05SortingAnimals\04-05SortingAnimals.csproj", "{AFE8A9E9-F694-400C-ABD9-11DA132EFAFC}"
EndProject
Project("{FAE04EC0-301F-11D3-BF4B-00C04F79EFBC}") = "06.MostPopularAuthor", "06.MostPopularAuthor\06.MostPopularAuthor.csproj", "{C7DDE3A7-20B0-4D0C-8038-FEB63C9E673C}"
EndProject
Project("{FAE04EC0-301F-11D3-BF4B-00C04F79EFBC}") = "07.SortPeopleByMostCommonFirstAndLastName", "07.SortPeopleByMostCommonFirstAndLastName\07.SortPeopleByMostCommonFirstAndLastName.csproj", "{53043EA0-5186-4464-837A-C7F94C3C1266}"
EndProject
Global
	GlobalSection(SolutionConfigurationPlatforms) = preSolution
		Debug|Any CPU = Debug|Any CPU
		Release|Any CPU = Release|Any CPU
	EndGlobalSection
	GlobalSection(ProjectConfigurationPlatforms) = postSolution
		{39AFB2FD-E1F7-4CEF-BDF2-3CD974E1892C}.Debug|Any CPU.ActiveCfg = Debug|Any CPU
		{39AFB2FD-E1F7-4CEF-BDF2-3CD974E1892C}.Debug|Any CPU.Build.0 = Debug|Any CPU
		{39AFB2FD-E1F7-4CEF-BDF2-3CD974E1892C}.Release|Any CPU.ActiveCfg = Release|Any CPU
		{39AFB2FD-E1F7-4CEF-BDF2-3CD974E1892C}.Release|Any CPU.Build.0 = Release|Any CPU
		{AFE8A9E9-F694-400C-ABD9-11DA132EFAFC}.Debug|Any CPU.ActiveCfg = Debug|Any CPU
		{AFE8A9E9-F694-400C-ABD9-11DA132EFAFC}.Debug|Any CPU.Build.0 = Debug|Any CPU
		{AFE8A9E9-F694-400C-ABD9-11DA132EFAFC}.Release|Any CPU.ActiveCfg = Release|Any CPU
		{AFE8A9E9-F694-400C-ABD9-11DA132EFAFC}.Release|Any CPU.Build.0 = Release|Any CPU
		{C7DDE3A7-20B0-4D0C-8038-FEB63C9E673C}.Debug|Any CPU.ActiveCfg = Debug|Any CPU
		{C7DDE3A7-20B0-4D0C-8038-FEB63C9E673C}.Debug|Any CPU.Build.0 = Debug|Any CPU
		{C7DDE3A7-20B0-4D0C-8038-FEB63C9E673C}.Release|Any CPU.ActiveCfg = Release|Any CPU
		{C7DDE3A7-20B0-4D0C-8038-FEB63C9E673C}.Release|Any CPU.Build.0 = Release|Any CPU
		{53043EA0-5186-4464-837A-C7F94C3C1266}.Debug|Any CPU.ActiveCfg = Debug|Any CPU
		{53043EA0-5186-4464-837A-C7F94C3C1266}.Debug|Any CPU.Build.0 = Debug|Any CPU
		{53043EA0-5186-4464-837A-C7F94C3C1266}.Release|Any CPU.ActiveCfg = Release|Any CPU
		{53043EA0-5186-4464-837A-C7F94C3C1266}.Release|Any CPU.Build.0 = Release|Any CPU
	EndGlobalSection
	GlobalSection(SolutionProperties) = preSolution
		HideSolutionNode = FALSE
	EndGlobalSection
EndGlobal
